PODS:
  - Charts (4.1.0):
    - Charts/Core (= 4.1.0)
  - Charts/Core (4.1.0):
    - SwiftAlgorithms (~> 1.0)
  - ObjectMapper (4.4.2)
  - Reusable (4.1.2):
    - Reusable/Storyboard (= 4.1.2)
    - Reusable/View (= 4.1.2)
  - Reusable/Storyboard (4.1.2)
  - Reusable/View (4.1.2)
  - SwiftAlgorithms (1.0.0)

DEPENDENCIES:
  - Charts (= 4.1.0)
  - ObjectMapper (~> 4.4.2)
  - Reusable (= 4.1.2)

SPEC REPOS:
  trunk:
    - Charts
    - ObjectMapper
    - Reusable
    - SwiftAlgorithms

SPEC CHECKSUMS:
  Charts: ce0768268078eee0336f122c3c4ca248e4e204c5
  ObjectMapper: e6e4d91ff7f2861df7aecc536c92d8363f4c9677
  Reusable: 6bae6a5e8aa793c9c441db0213c863a64bce9136
  SwiftAlgorithms: 38dda4731d19027fdeee1125f973111bf3386b53

PODFILE CHECKSUM: cf8e73dcf54c571d64706e2c9ce8260f8342f6c0

COCOAPODS: 1.15.2
