PODS:
  - DatePicker (1.3.1):
    - Extended
  - Extended (1.0.5)
  - MaterialActivityIndicator (0.0.6)
  - ObjectMapper (4.4.2)
  - ProgressHUD (14.1.1)
  - Reusable (4.1.2):
    - Reusable/Storyboard (= 4.1.2)
    - Reusable/View (= 4.1.2)
  - Reusable/Storyboard (4.1.2)
  - Reusable/View (4.1.2)

DEPENDENCIES:
  - DatePicker (= 1.3.1)
  - MaterialActivityIndicator (= 0.0.6)
  - ObjectMapper (~> 4.4.2)
  - ProgressHUD (= 14.1.1)
  - Reusable (= 4.1.2)

SPEC REPOS:
  trunk:
    - DatePicker
    - Extended
    - MaterialActivityIndicator
    - ObjectMapper
    - ProgressHUD
    - Reusable

SPEC CHECKSUMS:
  DatePicker: 05ddbd2b57d00ce6f44c1f0611ced32f948d33a6
  Extended: c463225e0c29b2823847866c1b106827772ac678
  MaterialActivityIndicator: 5061a52fadf7d22533734f2d34806311331bc424
  ObjectMapper: e6e4d91ff7f2861df7aecc536c92d8363f4c9677
  ProgressHUD: abb9136ae23c85204236828562cb9a8ec98efb44
  Reusable: 6bae6a5e8aa793c9c441db0213c863a64bce9136

PODFILE CHECKSUM: f974bfc82a2ce21181b6264988dc7577b00bfcb1

COCOAPODS: 1.15.2
