// !$*UTF8*$!
{
	archiveVersion = 1;
	classes = {
	};
	objectVersion = 56;
	objects = {

/* Begin PBXBuildFile section */
		217F5377EDF9E1BE6791F89F /* Pods_AutoTrader.framework in Frameworks */ = {isa = PBXBuildFile; fileRef = 85699AF3739B1F3090AC1186 /* Pods_AutoTrader.framework */; };
		45212E752BDA900E00440C09 /* PredictViewController.swift in Sources */ = {isa = PBXBuildFile; fileRef = 45212E742BDA900E00440C09 /* PredictViewController.swift */; };
		45212E772BDA902000440C09 /* UserViewController.swift in Sources */ = {isa = PBXBuildFile; fileRef = 45212E762BDA902000440C09 /* UserViewController.swift */; };
		45371E432C109A3D00685B4F /* Forecast.swift in Sources */ = {isa = PBXBuildFile; fileRef = 45371E422C109A3D00685B4F /* Forecast.swift */; };
		45371E462C10AFC700685B4F /* StockInfo.swift in Sources */ = {isa = PBXBuildFile; fileRef = 45371E452C10AFC700685B4F /* StockInfo.swift */; };
		45371E482C1584AC00685B4F /* ProcessAnimate.swift in Sources */ = {isa = PBXBuildFile; fileRef = 45371E472C1584AC00685B4F /* ProcessAnimate.swift */; };
		45371E4A2C158BE300685B4F /* History.swift in Sources */ = {isa = PBXBuildFile; fileRef = 45371E492C158BE300685B4F /* History.swift */; };
		45371E4C2C15937400685B4F /* NotificationManager.swift in Sources */ = {isa = PBXBuildFile; fileRef = 45371E4B2C15937400685B4F /* NotificationManager.swift */; };
		45371E4E2C15984800685B4F /* ListNotiViewController.swift in Sources */ = {isa = PBXBuildFile; fileRef = 45371E4D2C15984800685B4F /* ListNotiViewController.swift */; };
		45371E522C159AFF00685B4F /* NotificationTableViewCell.xib in Resources */ = {isa = PBXBuildFile; fileRef = 45371E512C159AFF00685B4F /* NotificationTableViewCell.xib */; };
		45371E532C159AFF00685B4F /* NotificationTableViewCell.swift in Sources */ = {isa = PBXBuildFile; fileRef = 45371E502C159AFF00685B4F /* NotificationTableViewCell.swift */; };
		4557CE6D2C2C4B0700603572 /* RegisterViewController.swift in Sources */ = {isa = PBXBuildFile; fileRef = 4557CE6C2C2C4B0700603572 /* RegisterViewController.swift */; };
		4557CE6F2C2C4B2300603572 /* ForgotPasswordViewController.swift in Sources */ = {isa = PBXBuildFile; fileRef = 4557CE6E2C2C4B2300603572 /* ForgotPasswordViewController.swift */; };
		4557CE722C2C548500603572 /* AgentTableViewCell.swift in Sources */ = {isa = PBXBuildFile; fileRef = 4557CE702C2C548500603572 /* AgentTableViewCell.swift */; };
		4557CE732C2C548500603572 /* AgentTableViewCell.xib in Resources */ = {isa = PBXBuildFile; fileRef = 4557CE712C2C548500603572 /* AgentTableViewCell.xib */; };
		4560F72B2C160F2300658F7A /* HistoryTableViewCell.swift in Sources */ = {isa = PBXBuildFile; fileRef = 4560F7292C160F2300658F7A /* HistoryTableViewCell.swift */; };
		4560F72C2C160F2300658F7A /* HistoryTableViewCell.xib in Resources */ = {isa = PBXBuildFile; fileRef = 4560F72A2C160F2300658F7A /* HistoryTableViewCell.xib */; };
		456EB9012BF0C7030018D38B /* Colors.xcassets in Resources */ = {isa = PBXBuildFile; fileRef = 456EB9002BF0C7030018D38B /* Colors.xcassets */; };
		457BAE582BF8B4B4001AF323 /* UserRegister.swift in Sources */ = {isa = PBXBuildFile; fileRef = 457BAE572BF8B4B4001AF323 /* UserRegister.swift */; };
		457BAE5A2BF8B81B001AF323 /* User.swift in Sources */ = {isa = PBXBuildFile; fileRef = 457BAE592BF8B81B001AF323 /* User.swift */; };
		457BAE5F2BF8C430001AF323 /* Noti.swift in Sources */ = {isa = PBXBuildFile; fileRef = 457BAE5E2BF8C430001AF323 /* Noti.swift */; };
		457BAE652BF8C934001AF323 /* WalletViewController.swift in Sources */ = {isa = PBXBuildFile; fileRef = 457BAE642BF8C934001AF323 /* WalletViewController.swift */; };
		457BAE692BF8EFF1001AF323 /* SymbolTableViewCell.swift in Sources */ = {isa = PBXBuildFile; fileRef = 457BAE672BF8EFF1001AF323 /* SymbolTableViewCell.swift */; };
		457BAE6A2BF8EFF1001AF323 /* SymbolTableViewCell.xib in Resources */ = {isa = PBXBuildFile; fileRef = 457BAE682BF8EFF1001AF323 /* SymbolTableViewCell.xib */; };
		457BAE6C2BF8FCCC001AF323 /* ChartViewController.swift in Sources */ = {isa = PBXBuildFile; fileRef = 457BAE6B2BF8FCCC001AF323 /* ChartViewController.swift */; };
		457BAE6E2BF9A059001AF323 /* StockDataTest.swift in Sources */ = {isa = PBXBuildFile; fileRef = 457BAE6D2BF9A059001AF323 /* StockDataTest.swift */; };
		457BAE702BFA081A001AF323 /* DetailViewController.swift in Sources */ = {isa = PBXBuildFile; fileRef = 457BAE6F2BFA081A001AF323 /* DetailViewController.swift */; };
		457BAE722BFA097F001AF323 /* BotViewController.swift in Sources */ = {isa = PBXBuildFile; fileRef = 457BAE712BFA097F001AF323 /* BotViewController.swift */; };
		4598962B2BFB4DDC006E2447 /* PredictTableViewCell.xib in Resources */ = {isa = PBXBuildFile; fileRef = 4598962A2BFB4DDC006E2447 /* PredictTableViewCell.xib */; };
		4598962C2BFB4DDC006E2447 /* PredictTableViewCell.swift in Sources */ = {isa = PBXBuildFile; fileRef = 459896292BFB4DDC006E2447 /* PredictTableViewCell.swift */; };
		4598962E2BFC4437006E2447 /* ChartConfigurator.swift in Sources */ = {isa = PBXBuildFile; fileRef = 4598962D2BFC4437006E2447 /* ChartConfigurator.swift */; };
		459896302BFDCDF9006E2447 /* showAlert.swift in Sources */ = {isa = PBXBuildFile; fileRef = 4598962F2BFDCDF9006E2447 /* showAlert.swift */; };
		45DFD8C02BDA8D690032FB62 /* AppDelegate.swift in Sources */ = {isa = PBXBuildFile; fileRef = 45DFD8BF2BDA8D690032FB62 /* AppDelegate.swift */; };
		45DFD8C22BDA8D690032FB62 /* SceneDelegate.swift in Sources */ = {isa = PBXBuildFile; fileRef = 45DFD8C12BDA8D690032FB62 /* SceneDelegate.swift */; };
		45DFD8C42BDA8D690032FB62 /* ListViewController.swift in Sources */ = {isa = PBXBuildFile; fileRef = 45DFD8C32BDA8D690032FB62 /* ListViewController.swift */; };
		45DFD8C92BDA8D6B0032FB62 /* Assets.xcassets in Resources */ = {isa = PBXBuildFile; fileRef = 45DFD8C82BDA8D6B0032FB62 /* Assets.xcassets */; };
		45DFD8CC2BDA8D6B0032FB62 /* Base in Resources */ = {isa = PBXBuildFile; fileRef = 45DFD8CB2BDA8D6B0032FB62 /* Base */; };
		45DFD8D72BDA8D6B0032FB62 /* AutoTraderTests.swift in Sources */ = {isa = PBXBuildFile; fileRef = 45DFD8D62BDA8D6B0032FB62 /* AutoTraderTests.swift */; };
		45DFD8E12BDA8D6C0032FB62 /* AutoTraderUITests.swift in Sources */ = {isa = PBXBuildFile; fileRef = 45DFD8E02BDA8D6C0032FB62 /* AutoTraderUITests.swift */; };
		45DFD8E32BDA8D6C0032FB62 /* AutoTraderUITestsLaunchTests.swift in Sources */ = {isa = PBXBuildFile; fileRef = 45DFD8E22BDA8D6C0032FB62 /* AutoTraderUITestsLaunchTests.swift */; };
		45FBB5162BDC9E51005C8674 /* APIService.swift in Sources */ = {isa = PBXBuildFile; fileRef = 45FBB5152BDC9E51005C8674 /* APIService.swift */; };
		45FBB5182BDC9E64005C8674 /* NetworkError.swift in Sources */ = {isa = PBXBuildFile; fileRef = 45FBB5172BDC9E64005C8674 /* NetworkError.swift */; };
		45FBB51A2BDC9E90005C8674 /* NetworkMonitor.swift in Sources */ = {isa = PBXBuildFile; fileRef = 45FBB5192BDC9E90005C8674 /* NetworkMonitor.swift */; };
		45FBB51C2BDC9EC9005C8674 /* Urls.swift in Sources */ = {isa = PBXBuildFile; fileRef = 45FBB51B2BDC9EC9005C8674 /* Urls.swift */; };
		45FBB51E2BDCA438005C8674 /* LoginViewController.swift in Sources */ = {isa = PBXBuildFile; fileRef = 45FBB51D2BDCA438005C8674 /* LoginViewController.swift */; };
		45FF09212C046F9F00AF86BC /* Stock.swift in Sources */ = {isa = PBXBuildFile; fileRef = 45FF09202C046F9F00AF86BC /* Stock.swift */; };
		45FF09232C0472A200AF86BC /* StockData.swift in Sources */ = {isa = PBXBuildFile; fileRef = 45FF09222C0472A200AF86BC /* StockData.swift */; };
		45FF09252C0473C400AF86BC /* StockDataRepository.swift in Sources */ = {isa = PBXBuildFile; fileRef = 45FF09242C0473C400AF86BC /* StockDataRepository.swift */; };
		45FF09262C048D8400AF86BC /* Main.storyboard in Resources */ = {isa = PBXBuildFile; fileRef = 45DFD8C52BDA8D690032FB62 /* Main.storyboard */; };
		45FF09292C04CF9500AF86BC /* Double+Extension.swift in Sources */ = {isa = PBXBuildFile; fileRef = 45FF09282C04CF9500AF86BC /* Double+Extension.swift */; };
		45FF092C2C04D85100AF86BC /* ConfigureChart.swift in Sources */ = {isa = PBXBuildFile; fileRef = 45FF092B2C04D85100AF86BC /* ConfigureChart.swift */; };
		45FF092E2C057C3100AF86BC /* String+Extension.swift in Sources */ = {isa = PBXBuildFile; fileRef = 45FF092D2C057C3100AF86BC /* String+Extension.swift */; };
		45FF09302C05837500AF86BC /* DateHelper.swift in Sources */ = {isa = PBXBuildFile; fileRef = 45FF092F2C05837500AF86BC /* DateHelper.swift */; };
		45FF09382C06CD2600AF86BC /* UIView+Extension.swift in Sources */ = {isa = PBXBuildFile; fileRef = 45FF09372C06CD2600AF86BC /* UIView+Extension.swift */; };
		45FF093C2C06DE9700AF86BC /* AnomalyData.swift in Sources */ = {isa = PBXBuildFile; fileRef = 45FF093B2C06DE9700AF86BC /* AnomalyData.swift */; };
		45FF094B2C070DBD00AF86BC /* SLCExtensions.swift in Sources */ = {isa = PBXBuildFile; fileRef = 45FF093E2C070DBD00AF86BC /* SLCExtensions.swift */; };
		45FF094C2C070DBD00AF86BC /* SLCChartStyle.swift in Sources */ = {isa = PBXBuildFile; fileRef = 45FF09402C070DBD00AF86BC /* SLCChartStyle.swift */; };
		45FF094D2C070DBD00AF86BC /* SLCData.swift in Sources */ = {isa = PBXBuildFile; fileRef = 45FF09412C070DBD00AF86BC /* SLCData.swift */; };
		45FF094E2C070DBD00AF86BC /* SLCDataSet.swift in Sources */ = {isa = PBXBuildFile; fileRef = 45FF09422C070DBD00AF86BC /* SLCDataSet.swift */; };
		45FF094F2C070DBD00AF86BC /* SLCLineStyle.swift in Sources */ = {isa = PBXBuildFile; fileRef = 45FF09432C070DBD00AF86BC /* SLCLineStyle.swift */; };
		45FF09502C070DBD00AF86BC /* SLCPeriod.swift in Sources */ = {isa = PBXBuildFile; fileRef = 45FF09442C070DBD00AF86BC /* SLCPeriod.swift */; };
		45FF09512C070DBD00AF86BC /* SimpleLineChart.swift in Sources */ = {isa = PBXBuildFile; fileRef = 45FF09462C070DBD00AF86BC /* SimpleLineChart.swift */; };
		45FF09522C070DBD00AF86BC /* SLCEmptyState.swift in Sources */ = {isa = PBXBuildFile; fileRef = 45FF09472C070DBD00AF86BC /* SLCEmptyState.swift */; };
		45FF09532C070DBD00AF86BC /* SLCPeriodButton.swift in Sources */ = {isa = PBXBuildFile; fileRef = 45FF09482C070DBD00AF86BC /* SLCPeriodButton.swift */; };
		45FF09632C076F6C00AF86BC /* LaunchScreen.storyboard in Resources */ = {isa = PBXBuildFile; fileRef = 45DFD8CA2BDA8D6B0032FB62 /* LaunchScreen.storyboard */; };
		45FF09672C07704200AF86BC /* AgentViewController.swift in Sources */ = {isa = PBXBuildFile; fileRef = 45FF09662C07704200AF86BC /* AgentViewController.swift */; };
		45FF096C2C07727300AF86BC /* AgentData.swift in Sources */ = {isa = PBXBuildFile; fileRef = 45FF096B2C07727300AF86BC /* AgentData.swift */; };
		45FF096F2C0B0FC100AF86BC /* Agent.swift in Sources */ = {isa = PBXBuildFile; fileRef = 45FF096E2C0B0FC100AF86BC /* Agent.swift */; };
		45FF09712C0C5BA600AF86BC /* UserRepository.swift in Sources */ = {isa = PBXBuildFile; fileRef = 45FF09702C0C5BA600AF86BC /* UserRepository.swift */; };
		45FF09742C0C5E9A00AF86BC /* Wallet.swift in Sources */ = {isa = PBXBuildFile; fileRef = 45FF09732C0C5E9A00AF86BC /* Wallet.swift */; };
		45FF09762C0C695C00AF86BC /* Login.swift in Sources */ = {isa = PBXBuildFile; fileRef = 45FF09752C0C695C00AF86BC /* Login.swift */; };
		45FF09792C0DBB1700AF86BC /* WalletRepository.swift in Sources */ = {isa = PBXBuildFile; fileRef = 45FF09782C0DBB1700AF86BC /* WalletRepository.swift */; };
		45FF097B2C0DBD1E00AF86BC /* ActionWalletViewController.swift in Sources */ = {isa = PBXBuildFile; fileRef = 45FF097A2C0DBD1E00AF86BC /* ActionWalletViewController.swift */; };
		45FF0BA42C17007F009F39DA /* HistoryViewController.swift in Sources */ = {isa = PBXBuildFile; fileRef = 45FF0BA32C17007F009F39DA /* HistoryViewController.swift */; };
		45FF0BA62C170852009F39DA /* StockHold.swift in Sources */ = {isa = PBXBuildFile; fileRef = 45FF0BA52C170852009F39DA /* StockHold.swift */; };
		45FF0BA92C170B7F009F39DA /* StockHoldCollectionViewCell.swift in Sources */ = {isa = PBXBuildFile; fileRef = 45FF0BA72C170B7F009F39DA /* StockHoldCollectionViewCell.swift */; };
		45FF0BAA2C170B7F009F39DA /* StockHoldCollectionViewCell.xib in Resources */ = {isa = PBXBuildFile; fileRef = 45FF0BA82C170B7F009F39DA /* StockHoldCollectionViewCell.xib */; };
		C6275F886434575A9046DE41 /* Pods_AutoTraderTests.framework in Frameworks */ = {isa = PBXBuildFile; fileRef = 650FCB8E55142704284BD7D0 /* Pods_AutoTraderTests.framework */; };
		FF33A6BA9B9D83604654E6E9 /* Pods_AutoTrader_AutoTraderUITests.framework in Frameworks */ = {isa = PBXBuildFile; fileRef = 5F54DAAA3091841B7423ED14 /* Pods_AutoTrader_AutoTraderUITests.framework */; };
/* End PBXBuildFile section */

/* Begin PBXContainerItemProxy section */
		45DFD8D32BDA8D6B0032FB62 /* PBXContainerItemProxy */ = {
			isa = PBXContainerItemProxy;
			containerPortal = 45DFD8B42BDA8D690032FB62 /* Project object */;
			proxyType = 1;
			remoteGlobalIDString = 45DFD8BB2BDA8D690032FB62;
			remoteInfo = AutoTrader;
		};
		45DFD8DD2BDA8D6C0032FB62 /* PBXContainerItemProxy */ = {
			isa = PBXContainerItemProxy;
			containerPortal = 45DFD8B42BDA8D690032FB62 /* Project object */;
			proxyType = 1;
			remoteGlobalIDString = 45DFD8BB2BDA8D690032FB62;
			remoteInfo = AutoTrader;
		};
/* End PBXContainerItemProxy section */

/* Begin PBXFileReference section */
		312DDB17B786F3EC952314B1 /* Pods-AutoTrader.release.xcconfig */ = {isa = PBXFileReference; includeInIndex = 1; lastKnownFileType = text.xcconfig; name = "Pods-AutoTrader.release.xcconfig"; path = "Target Support Files/Pods-AutoTrader/Pods-AutoTrader.release.xcconfig"; sourceTree = "<group>"; };
		45212E742BDA900E00440C09 /* PredictViewController.swift */ = {isa = PBXFileReference; lastKnownFileType = sourcecode.swift; path = PredictViewController.swift; sourceTree = "<group>"; };
		45212E762BDA902000440C09 /* UserViewController.swift */ = {isa = PBXFileReference; lastKnownFileType = sourcecode.swift; path = UserViewController.swift; sourceTree = "<group>"; };
		45371E422C109A3D00685B4F /* Forecast.swift */ = {isa = PBXFileReference; lastKnownFileType = sourcecode.swift; path = Forecast.swift; sourceTree = "<group>"; };
		45371E452C10AFC700685B4F /* StockInfo.swift */ = {isa = PBXFileReference; lastKnownFileType = sourcecode.swift; path = StockInfo.swift; sourceTree = "<group>"; };
		45371E472C1584AC00685B4F /* ProcessAnimate.swift */ = {isa = PBXFileReference; lastKnownFileType = sourcecode.swift; path = ProcessAnimate.swift; sourceTree = "<group>"; };
		45371E492C158BE300685B4F /* History.swift */ = {isa = PBXFileReference; lastKnownFileType = sourcecode.swift; path = History.swift; sourceTree = "<group>"; };
		45371E4B2C15937400685B4F /* NotificationManager.swift */ = {isa = PBXFileReference; lastKnownFileType = sourcecode.swift; path = NotificationManager.swift; sourceTree = "<group>"; };
		45371E4D2C15984800685B4F /* ListNotiViewController.swift */ = {isa = PBXFileReference; lastKnownFileType = sourcecode.swift; path = ListNotiViewController.swift; sourceTree = "<group>"; };
		45371E502C159AFF00685B4F /* NotificationTableViewCell.swift */ = {isa = PBXFileReference; lastKnownFileType = sourcecode.swift; path = NotificationTableViewCell.swift; sourceTree = "<group>"; };
		45371E512C159AFF00685B4F /* NotificationTableViewCell.xib */ = {isa = PBXFileReference; lastKnownFileType = file.xib; path = NotificationTableViewCell.xib; sourceTree = "<group>"; };
		4557CE6C2C2C4B0700603572 /* RegisterViewController.swift */ = {isa = PBXFileReference; lastKnownFileType = sourcecode.swift; path = RegisterViewController.swift; sourceTree = "<group>"; };
		4557CE6E2C2C4B2300603572 /* ForgotPasswordViewController.swift */ = {isa = PBXFileReference; lastKnownFileType = sourcecode.swift; path = ForgotPasswordViewController.swift; sourceTree = "<group>"; };
		4557CE702C2C548500603572 /* AgentTableViewCell.swift */ = {isa = PBXFileReference; lastKnownFileType = sourcecode.swift; path = AgentTableViewCell.swift; sourceTree = "<group>"; };
		4557CE712C2C548500603572 /* AgentTableViewCell.xib */ = {isa = PBXFileReference; lastKnownFileType = file.xib; path = AgentTableViewCell.xib; sourceTree = "<group>"; };
		4560F7292C160F2300658F7A /* HistoryTableViewCell.swift */ = {isa = PBXFileReference; lastKnownFileType = sourcecode.swift; path = HistoryTableViewCell.swift; sourceTree = "<group>"; };
		4560F72A2C160F2300658F7A /* HistoryTableViewCell.xib */ = {isa = PBXFileReference; lastKnownFileType = file.xib; path = HistoryTableViewCell.xib; sourceTree = "<group>"; };
		456EB9002BF0C7030018D38B /* Colors.xcassets */ = {isa = PBXFileReference; lastKnownFileType = folder.assetcatalog; path = Colors.xcassets; sourceTree = "<group>"; };
		457BAE572BF8B4B4001AF323 /* UserRegister.swift */ = {isa = PBXFileReference; lastKnownFileType = sourcecode.swift; path = UserRegister.swift; sourceTree = "<group>"; };
		457BAE592BF8B81B001AF323 /* User.swift */ = {isa = PBXFileReference; lastKnownFileType = sourcecode.swift; path = User.swift; sourceTree = "<group>"; };
		457BAE5E2BF8C430001AF323 /* Noti.swift */ = {isa = PBXFileReference; lastKnownFileType = sourcecode.swift; path = Noti.swift; sourceTree = "<group>"; };
		457BAE642BF8C934001AF323 /* WalletViewController.swift */ = {isa = PBXFileReference; lastKnownFileType = sourcecode.swift; path = WalletViewController.swift; sourceTree = "<group>"; };
		457BAE672BF8EFF1001AF323 /* SymbolTableViewCell.swift */ = {isa = PBXFileReference; lastKnownFileType = sourcecode.swift; path = SymbolTableViewCell.swift; sourceTree = "<group>"; };
		457BAE682BF8EFF1001AF323 /* SymbolTableViewCell.xib */ = {isa = PBXFileReference; lastKnownFileType = file.xib; path = SymbolTableViewCell.xib; sourceTree = "<group>"; };
		457BAE6B2BF8FCCC001AF323 /* ChartViewController.swift */ = {isa = PBXFileReference; lastKnownFileType = sourcecode.swift; path = ChartViewController.swift; sourceTree = "<group>"; };
		457BAE6D2BF9A059001AF323 /* StockDataTest.swift */ = {isa = PBXFileReference; lastKnownFileType = sourcecode.swift; path = StockDataTest.swift; sourceTree = "<group>"; };
		457BAE6F2BFA081A001AF323 /* DetailViewController.swift */ = {isa = PBXFileReference; lastKnownFileType = sourcecode.swift; path = DetailViewController.swift; sourceTree = "<group>"; };
		457BAE712BFA097F001AF323 /* BotViewController.swift */ = {isa = PBXFileReference; lastKnownFileType = sourcecode.swift; path = BotViewController.swift; sourceTree = "<group>"; };
		459896292BFB4DDC006E2447 /* PredictTableViewCell.swift */ = {isa = PBXFileReference; lastKnownFileType = sourcecode.swift; path = PredictTableViewCell.swift; sourceTree = "<group>"; };
		4598962A2BFB4DDC006E2447 /* PredictTableViewCell.xib */ = {isa = PBXFileReference; lastKnownFileType = file.xib; path = PredictTableViewCell.xib; sourceTree = "<group>"; };
		4598962D2BFC4437006E2447 /* ChartConfigurator.swift */ = {isa = PBXFileReference; lastKnownFileType = sourcecode.swift; path = ChartConfigurator.swift; sourceTree = "<group>"; };
		4598962F2BFDCDF9006E2447 /* showAlert.swift */ = {isa = PBXFileReference; lastKnownFileType = sourcecode.swift; path = showAlert.swift; sourceTree = "<group>"; };
		45DFD8BC2BDA8D690032FB62 /* AutoTrader.app */ = {isa = PBXFileReference; explicitFileType = wrapper.application; includeInIndex = 0; path = AutoTrader.app; sourceTree = BUILT_PRODUCTS_DIR; };
		45DFD8BF2BDA8D690032FB62 /* AppDelegate.swift */ = {isa = PBXFileReference; lastKnownFileType = sourcecode.swift; path = AppDelegate.swift; sourceTree = "<group>"; };
		45DFD8C12BDA8D690032FB62 /* SceneDelegate.swift */ = {isa = PBXFileReference; lastKnownFileType = sourcecode.swift; path = SceneDelegate.swift; sourceTree = "<group>"; };
		45DFD8C32BDA8D690032FB62 /* ListViewController.swift */ = {isa = PBXFileReference; lastKnownFileType = sourcecode.swift; path = ListViewController.swift; sourceTree = "<group>"; };
		45DFD8C62BDA8D690032FB62 /* Base */ = {isa = PBXFileReference; lastKnownFileType = file.storyboard; name = Base; path = Base.lproj/Main.storyboard; sourceTree = "<group>"; };
		45DFD8C82BDA8D6B0032FB62 /* Assets.xcassets */ = {isa = PBXFileReference; lastKnownFileType = folder.assetcatalog; path = Assets.xcassets; sourceTree = "<group>"; };
		45DFD8CB2BDA8D6B0032FB62 /* Base */ = {isa = PBXFileReference; lastKnownFileType = file.storyboard; name = Base; path = Base.lproj/LaunchScreen.storyboard; sourceTree = "<group>"; };
		45DFD8CD2BDA8D6B0032FB62 /* Info.plist */ = {isa = PBXFileReference; lastKnownFileType = text.plist.xml; path = Info.plist; sourceTree = "<group>"; };
		45DFD8D22BDA8D6B0032FB62 /* AutoTraderTests.xctest */ = {isa = PBXFileReference; explicitFileType = wrapper.cfbundle; includeInIndex = 0; path = AutoTraderTests.xctest; sourceTree = BUILT_PRODUCTS_DIR; };
		45DFD8D62BDA8D6B0032FB62 /* AutoTraderTests.swift */ = {isa = PBXFileReference; lastKnownFileType = sourcecode.swift; path = AutoTraderTests.swift; sourceTree = "<group>"; };
		45DFD8DC2BDA8D6C0032FB62 /* AutoTraderUITests.xctest */ = {isa = PBXFileReference; explicitFileType = wrapper.cfbundle; includeInIndex = 0; path = AutoTraderUITests.xctest; sourceTree = BUILT_PRODUCTS_DIR; };
		45DFD8E02BDA8D6C0032FB62 /* AutoTraderUITests.swift */ = {isa = PBXFileReference; lastKnownFileType = sourcecode.swift; path = AutoTraderUITests.swift; sourceTree = "<group>"; };
		45DFD8E22BDA8D6C0032FB62 /* AutoTraderUITestsLaunchTests.swift */ = {isa = PBXFileReference; lastKnownFileType = sourcecode.swift; path = AutoTraderUITestsLaunchTests.swift; sourceTree = "<group>"; };
		45FBB5152BDC9E51005C8674 /* APIService.swift */ = {isa = PBXFileReference; lastKnownFileType = sourcecode.swift; path = APIService.swift; sourceTree = "<group>"; };
		45FBB5172BDC9E64005C8674 /* NetworkError.swift */ = {isa = PBXFileReference; lastKnownFileType = sourcecode.swift; path = NetworkError.swift; sourceTree = "<group>"; };
		45FBB5192BDC9E90005C8674 /* NetworkMonitor.swift */ = {isa = PBXFileReference; lastKnownFileType = sourcecode.swift; path = NetworkMonitor.swift; sourceTree = "<group>"; };
		45FBB51B2BDC9EC9005C8674 /* Urls.swift */ = {isa = PBXFileReference; lastKnownFileType = sourcecode.swift; path = Urls.swift; sourceTree = "<group>"; };
		45FBB51D2BDCA438005C8674 /* LoginViewController.swift */ = {isa = PBXFileReference; lastKnownFileType = sourcecode.swift; path = LoginViewController.swift; sourceTree = "<group>"; };
		45FF09202C046F9F00AF86BC /* Stock.swift */ = {isa = PBXFileReference; lastKnownFileType = sourcecode.swift; path = Stock.swift; sourceTree = "<group>"; };
		45FF09222C0472A200AF86BC /* StockData.swift */ = {isa = PBXFileReference; lastKnownFileType = sourcecode.swift; path = StockData.swift; sourceTree = "<group>"; };
		45FF09242C0473C400AF86BC /* StockDataRepository.swift */ = {isa = PBXFileReference; lastKnownFileType = sourcecode.swift; path = StockDataRepository.swift; sourceTree = "<group>"; };
		45FF09282C04CF9500AF86BC /* Double+Extension.swift */ = {isa = PBXFileReference; lastKnownFileType = sourcecode.swift; path = "Double+Extension.swift"; sourceTree = "<group>"; };
		45FF092B2C04D85100AF86BC /* ConfigureChart.swift */ = {isa = PBXFileReference; lastKnownFileType = sourcecode.swift; path = ConfigureChart.swift; sourceTree = "<group>"; };
		45FF092D2C057C3100AF86BC /* String+Extension.swift */ = {isa = PBXFileReference; lastKnownFileType = sourcecode.swift; path = "String+Extension.swift"; sourceTree = "<group>"; };
		45FF092F2C05837500AF86BC /* DateHelper.swift */ = {isa = PBXFileReference; lastKnownFileType = sourcecode.swift; path = DateHelper.swift; sourceTree = "<group>"; };
		45FF09372C06CD2600AF86BC /* UIView+Extension.swift */ = {isa = PBXFileReference; lastKnownFileType = sourcecode.swift; path = "UIView+Extension.swift"; sourceTree = "<group>"; };
		45FF093B2C06DE9700AF86BC /* AnomalyData.swift */ = {isa = PBXFileReference; lastKnownFileType = sourcecode.swift; path = AnomalyData.swift; sourceTree = "<group>"; };
		45FF093E2C070DBD00AF86BC /* SLCExtensions.swift */ = {isa = PBXFileReference; fileEncoding = 4; lastKnownFileType = sourcecode.swift; path = SLCExtensions.swift; sourceTree = "<group>"; };
		45FF09402C070DBD00AF86BC /* SLCChartStyle.swift */ = {isa = PBXFileReference; fileEncoding = 4; lastKnownFileType = sourcecode.swift; path = SLCChartStyle.swift; sourceTree = "<group>"; };
		45FF09412C070DBD00AF86BC /* SLCData.swift */ = {isa = PBXFileReference; fileEncoding = 4; lastKnownFileType = sourcecode.swift; path = SLCData.swift; sourceTree = "<group>"; };
		45FF09422C070DBD00AF86BC /* SLCDataSet.swift */ = {isa = PBXFileReference; fileEncoding = 4; lastKnownFileType = sourcecode.swift; path = SLCDataSet.swift; sourceTree = "<group>"; };
		45FF09432C070DBD00AF86BC /* SLCLineStyle.swift */ = {isa = PBXFileReference; fileEncoding = 4; lastKnownFileType = sourcecode.swift; path = SLCLineStyle.swift; sourceTree = "<group>"; };
		45FF09442C070DBD00AF86BC /* SLCPeriod.swift */ = {isa = PBXFileReference; fileEncoding = 4; lastKnownFileType = sourcecode.swift; path = SLCPeriod.swift; sourceTree = "<group>"; };
		45FF09462C070DBD00AF86BC /* SimpleLineChart.swift */ = {isa = PBXFileReference; fileEncoding = 4; lastKnownFileType = sourcecode.swift; path = SimpleLineChart.swift; sourceTree = "<group>"; };
		45FF09472C070DBD00AF86BC /* SLCEmptyState.swift */ = {isa = PBXFileReference; fileEncoding = 4; lastKnownFileType = sourcecode.swift; path = SLCEmptyState.swift; sourceTree = "<group>"; };
		45FF09482C070DBD00AF86BC /* SLCPeriodButton.swift */ = {isa = PBXFileReference; fileEncoding = 4; lastKnownFileType = sourcecode.swift; path = SLCPeriodButton.swift; sourceTree = "<group>"; };
		45FF09662C07704200AF86BC /* AgentViewController.swift */ = {isa = PBXFileReference; lastKnownFileType = sourcecode.swift; path = AgentViewController.swift; sourceTree = "<group>"; };
		45FF096B2C07727300AF86BC /* AgentData.swift */ = {isa = PBXFileReference; lastKnownFileType = sourcecode.swift; path = AgentData.swift; sourceTree = "<group>"; };
		45FF096E2C0B0FC100AF86BC /* Agent.swift */ = {isa = PBXFileReference; lastKnownFileType = sourcecode.swift; path = Agent.swift; sourceTree = "<group>"; };
		45FF09702C0C5BA600AF86BC /* UserRepository.swift */ = {isa = PBXFileReference; lastKnownFileType = sourcecode.swift; path = UserRepository.swift; sourceTree = "<group>"; };
		45FF09732C0C5E9A00AF86BC /* Wallet.swift */ = {isa = PBXFileReference; lastKnownFileType = sourcecode.swift; path = Wallet.swift; sourceTree = "<group>"; };
		45FF09752C0C695C00AF86BC /* Login.swift */ = {isa = PBXFileReference; lastKnownFileType = sourcecode.swift; path = Login.swift; sourceTree = "<group>"; };
		45FF09782C0DBB1700AF86BC /* WalletRepository.swift */ = {isa = PBXFileReference; lastKnownFileType = sourcecode.swift; path = WalletRepository.swift; sourceTree = "<group>"; };
		45FF097A2C0DBD1E00AF86BC /* ActionWalletViewController.swift */ = {isa = PBXFileReference; lastKnownFileType = sourcecode.swift; path = ActionWalletViewController.swift; sourceTree = "<group>"; };
		45FF0BA32C17007F009F39DA /* HistoryViewController.swift */ = {isa = PBXFileReference; lastKnownFileType = sourcecode.swift; path = HistoryViewController.swift; sourceTree = "<group>"; };
		45FF0BA52C170852009F39DA /* StockHold.swift */ = {isa = PBXFileReference; lastKnownFileType = sourcecode.swift; path = StockHold.swift; sourceTree = "<group>"; };
		45FF0BA72C170B7F009F39DA /* StockHoldCollectionViewCell.swift */ = {isa = PBXFileReference; lastKnownFileType = sourcecode.swift; path = StockHoldCollectionViewCell.swift; sourceTree = "<group>"; };
		45FF0BA82C170B7F009F39DA /* StockHoldCollectionViewCell.xib */ = {isa = PBXFileReference; lastKnownFileType = file.xib; path = StockHoldCollectionViewCell.xib; sourceTree = "<group>"; };
		5F54DAAA3091841B7423ED14 /* Pods_AutoTrader_AutoTraderUITests.framework */ = {isa = PBXFileReference; explicitFileType = wrapper.framework; includeInIndex = 0; path = Pods_AutoTrader_AutoTraderUITests.framework; sourceTree = BUILT_PRODUCTS_DIR; };
		650FCB8E55142704284BD7D0 /* Pods_AutoTraderTests.framework */ = {isa = PBXFileReference; explicitFileType = wrapper.framework; includeInIndex = 0; path = Pods_AutoTraderTests.framework; sourceTree = BUILT_PRODUCTS_DIR; };
		85699AF3739B1F3090AC1186 /* Pods_AutoTrader.framework */ = {isa = PBXFileReference; explicitFileType = wrapper.framework; includeInIndex = 0; path = Pods_AutoTrader.framework; sourceTree = BUILT_PRODUCTS_DIR; };
		A9CA05BF1E17332A984A6943 /* Pods-AutoTrader-AutoTraderUITests.release.xcconfig */ = {isa = PBXFileReference; includeInIndex = 1; lastKnownFileType = text.xcconfig; name = "Pods-AutoTrader-AutoTraderUITests.release.xcconfig"; path = "Target Support Files/Pods-AutoTrader-AutoTraderUITests/Pods-AutoTrader-AutoTraderUITests.release.xcconfig"; sourceTree = "<group>"; };
		ABF5A3AF34768D45E823C8DA /* Pods-AutoTraderTests.release.xcconfig */ = {isa = PBXFileReference; includeInIndex = 1; lastKnownFileType = text.xcconfig; name = "Pods-AutoTraderTests.release.xcconfig"; path = "Target Support Files/Pods-AutoTraderTests/Pods-AutoTraderTests.release.xcconfig"; sourceTree = "<group>"; };
		E14BFFE516E11F361E0F04EE /* Pods-AutoTrader-AutoTraderUITests.debug.xcconfig */ = {isa = PBXFileReference; includeInIndex = 1; lastKnownFileType = text.xcconfig; name = "Pods-AutoTrader-AutoTraderUITests.debug.xcconfig"; path = "Target Support Files/Pods-AutoTrader-AutoTraderUITests/Pods-AutoTrader-AutoTraderUITests.debug.xcconfig"; sourceTree = "<group>"; };
		E3DBE9B3C156CACBCDE45C82 /* Pods-AutoTrader.debug.xcconfig */ = {isa = PBXFileReference; includeInIndex = 1; lastKnownFileType = text.xcconfig; name = "Pods-AutoTrader.debug.xcconfig"; path = "Target Support Files/Pods-AutoTrader/Pods-AutoTrader.debug.xcconfig"; sourceTree = "<group>"; };
		E9A6E88DD7AFBC2A2FF154D1 /* Pods-AutoTraderTests.debug.xcconfig */ = {isa = PBXFileReference; includeInIndex = 1; lastKnownFileType = text.xcconfig; name = "Pods-AutoTraderTests.debug.xcconfig"; path = "Target Support Files/Pods-AutoTraderTests/Pods-AutoTraderTests.debug.xcconfig"; sourceTree = "<group>"; };
/* End PBXFileReference section */

/* Begin PBXFrameworksBuildPhase section */
		45DFD8B92BDA8D690032FB62 /* Frameworks */ = {
			isa = PBXFrameworksBuildPhase;
			buildActionMask = 2147483647;
			files = (
				217F5377EDF9E1BE6791F89F /* Pods_AutoTrader.framework in Frameworks */,
			);
			runOnlyForDeploymentPostprocessing = 0;
		};
		45DFD8CF2BDA8D6B0032FB62 /* Frameworks */ = {
			isa = PBXFrameworksBuildPhase;
			buildActionMask = 2147483647;
			files = (
				C6275F886434575A9046DE41 /* Pods_AutoTraderTests.framework in Frameworks */,
			);
			runOnlyForDeploymentPostprocessing = 0;
		};
		45DFD8D92BDA8D6C0032FB62 /* Frameworks */ = {
			isa = PBXFrameworksBuildPhase;
			buildActionMask = 2147483647;
			files = (
				FF33A6BA9B9D83604654E6E9 /* Pods_AutoTrader_AutoTraderUITests.framework in Frameworks */,
			);
			runOnlyForDeploymentPostprocessing = 0;
		};
/* End PBXFrameworksBuildPhase section */

/* Begin PBXGroup section */
		45371E4F2C159ADD00685B4F /* Cell */ = {
			isa = PBXGroup;
			children = (
				45371E502C159AFF00685B4F /* NotificationTableViewCell.swift */,
				45371E512C159AFF00685B4F /* NotificationTableViewCell.xib */,
				4560F7292C160F2300658F7A /* HistoryTableViewCell.swift */,
				4560F72A2C160F2300658F7A /* HistoryTableViewCell.xib */,
				45FF0BA72C170B7F009F39DA /* StockHoldCollectionViewCell.swift */,
				45FF0BA82C170B7F009F39DA /* StockHoldCollectionViewCell.xib */,
			);
			path = Cell;
			sourceTree = "<group>";
		};
		456EB8FD2BF0990F0018D38B /* Frameworks */ = {
			isa = PBXGroup;
			children = (
				85699AF3739B1F3090AC1186 /* Pods_AutoTrader.framework */,
				5F54DAAA3091841B7423ED14 /* Pods_AutoTrader_AutoTraderUITests.framework */,
				650FCB8E55142704284BD7D0 /* Pods_AutoTraderTests.framework */,
			);
			name = Frameworks;
			sourceTree = "<group>";
		};
		457BAE562BF8B4AA001AF323 /* User */ = {
			isa = PBXGroup;
			children = (
				457BAE572BF8B4B4001AF323 /* UserRegister.swift */,
				457BAE592BF8B81B001AF323 /* User.swift */,
				45FF09752C0C695C00AF86BC /* Login.swift */,
			);
			path = User;
			sourceTree = "<group>";
		};
		457BAE5B2BF8B8BF001AF323 /* Notification */ = {
			isa = PBXGroup;
			children = (
				457BAE5E2BF8C430001AF323 /* Noti.swift */,
			);
			path = Notification;
			sourceTree = "<group>";
		};
		457BAE622BF8C8FB001AF323 /* wallet */ = {
			isa = PBXGroup;
			children = (
				45371E4F2C159ADD00685B4F /* Cell */,
				457BAE642BF8C934001AF323 /* WalletViewController.swift */,
				45FF097A2C0DBD1E00AF86BC /* ActionWalletViewController.swift */,
				45371E4D2C15984800685B4F /* ListNotiViewController.swift */,
				45FF0BA32C17007F009F39DA /* HistoryViewController.swift */,
			);
			path = wallet;
			sourceTree = "<group>";
		};
		457BAE662BF8EFB1001AF323 /* Cell */ = {
			isa = PBXGroup;
			children = (
				457BAE672BF8EFF1001AF323 /* SymbolTableViewCell.swift */,
				457BAE682BF8EFF1001AF323 /* SymbolTableViewCell.xib */,
			);
			path = Cell;
			sourceTree = "<group>";
		};
		459896282BFB4D7C006E2447 /* DetailCell */ = {
			isa = PBXGroup;
			children = (
				459896292BFB4DDC006E2447 /* PredictTableViewCell.swift */,
				4598962A2BFB4DDC006E2447 /* PredictTableViewCell.xib */,
				4557CE702C2C548500603572 /* AgentTableViewCell.swift */,
				4557CE712C2C548500603572 /* AgentTableViewCell.xib */,
			);
			path = DetailCell;
			sourceTree = "<group>";
		};
		45DFD8B32BDA8D690032FB62 = {
			isa = PBXGroup;
			children = (
				45DFD8BE2BDA8D690032FB62 /* AutoTrader */,
				45DFD8D52BDA8D6B0032FB62 /* AutoTraderTests */,
				45DFD8DF2BDA8D6C0032FB62 /* AutoTraderUITests */,
				45DFD8BD2BDA8D690032FB62 /* Products */,
				456EB8FD2BF0990F0018D38B /* Frameworks */,
				4F9D2091DB52AA580E68DDB8 /* Pods */,
			);
			sourceTree = "<group>";
		};
		45DFD8BD2BDA8D690032FB62 /* Products */ = {
			isa = PBXGroup;
			children = (
				45DFD8BC2BDA8D690032FB62 /* AutoTrader.app */,
				45DFD8D22BDA8D6B0032FB62 /* AutoTraderTests.xctest */,
				45DFD8DC2BDA8D6C0032FB62 /* AutoTraderUITests.xctest */,
			);
			name = Products;
			sourceTree = "<group>";
		};
		45DFD8BE2BDA8D690032FB62 /* AutoTrader */ = {
			isa = PBXGroup;
			children = (
				45FF094A2C070DBD00AF86BC /* SimpleLineChart */,
				45DFD8F12BDA8DF60032FB62 /* Application */,
				45DFD8F02BDA8DE90032FB62 /* Scenes */,
				45DFD8F32BDA8E260032FB62 /* Service */,
				45DFD8EF2BDA8DE40032FB62 /* Model */,
				45FF09272C04CF6F00AF86BC /* Extension */,
				45DFD8F72BDA8E570032FB62 /* Utils */,
				45DFD8F22BDA8E090032FB62 /* Resource */,
				45DFD8CD2BDA8D6B0032FB62 /* Info.plist */,
			);
			path = AutoTrader;
			sourceTree = "<group>";
		};
		45DFD8D52BDA8D6B0032FB62 /* AutoTraderTests */ = {
			isa = PBXGroup;
			children = (
				45DFD8D62BDA8D6B0032FB62 /* AutoTraderTests.swift */,
			);
			path = AutoTraderTests;
			sourceTree = "<group>";
		};
		45DFD8DF2BDA8D6C0032FB62 /* AutoTraderUITests */ = {
			isa = PBXGroup;
			children = (
				45DFD8E02BDA8D6C0032FB62 /* AutoTraderUITests.swift */,
				45DFD8E22BDA8D6C0032FB62 /* AutoTraderUITestsLaunchTests.swift */,
			);
			path = AutoTraderUITests;
			sourceTree = "<group>";
		};
		45DFD8EF2BDA8DE40032FB62 /* Model */ = {
			isa = PBXGroup;
			children = (
				45FF09722C0C5E9000AF86BC /* Wallet */,
				45FF096D2C0B0FA600AF86BC /* Agent */,
				45FF091F2C046F8D00AF86BC /* Stock */,
				457BAE5B2BF8B8BF001AF323 /* Notification */,
				457BAE562BF8B4AA001AF323 /* User */,
			);
			path = Model;
			sourceTree = "<group>";
		};
		45DFD8F02BDA8DE90032FB62 /* Scenes */ = {
			isa = PBXGroup;
			children = (
				45DFD8F82BDA8E6D0032FB62 /* Login */,
				45DFD8F92BDA8E720032FB62 /* Chart */,
				45DFD8FA2BDA8E7C0032FB62 /* BotTrading */,
				457BAE622BF8C8FB001AF323 /* wallet */,
				45DFD8FB2BDA8E840032FB62 /* User */,
				45DFD8C52BDA8D690032FB62 /* Main.storyboard */,
				45DFD8CA2BDA8D6B0032FB62 /* LaunchScreen.storyboard */,
			);
			path = Scenes;
			sourceTree = "<group>";
		};
		45DFD8F12BDA8DF60032FB62 /* Application */ = {
			isa = PBXGroup;
			children = (
				45DFD8BF2BDA8D690032FB62 /* AppDelegate.swift */,
				45DFD8C12BDA8D690032FB62 /* SceneDelegate.swift */,
			);
			path = Application;
			sourceTree = "<group>";
		};
		45DFD8F22BDA8E090032FB62 /* Resource */ = {
			isa = PBXGroup;
			children = (
				45DFD8C82BDA8D6B0032FB62 /* Assets.xcassets */,
				456EB9002BF0C7030018D38B /* Colors.xcassets */,
			);
			path = Resource;
			sourceTree = "<group>";
		};
		45DFD8F32BDA8E260032FB62 /* Service */ = {
			isa = PBXGroup;
			children = (
				45DFD8F62BDA8E360032FB62 /* Repositories */,
				45DFD8F52BDA8E2F0032FB62 /* Local */,
				45DFD8F42BDA8E2B0032FB62 /* Remote */,
			);
			path = Service;
			sourceTree = "<group>";
		};
		45DFD8F42BDA8E2B0032FB62 /* Remote */ = {
			isa = PBXGroup;
			children = (
				45FBB5152BDC9E51005C8674 /* APIService.swift */,
				45FBB5172BDC9E64005C8674 /* NetworkError.swift */,
				45FBB5192BDC9E90005C8674 /* NetworkMonitor.swift */,
				45FBB51B2BDC9EC9005C8674 /* Urls.swift */,
			);
			path = Remote;
			sourceTree = "<group>";
		};
		45DFD8F52BDA8E2F0032FB62 /* Local */ = {
			isa = PBXGroup;
			children = (
			);
			path = Local;
			sourceTree = "<group>";
		};
		45DFD8F62BDA8E360032FB62 /* Repositories */ = {
			isa = PBXGroup;
			children = (
				45FF09242C0473C400AF86BC /* StockDataRepository.swift */,
				45FF09702C0C5BA600AF86BC /* UserRepository.swift */,
				45FF09782C0DBB1700AF86BC /* WalletRepository.swift */,
			);
			name = Repositories;
			path = "Repositoríe";
			sourceTree = "<group>";
		};
		45DFD8F72BDA8E570032FB62 /* Utils */ = {
			isa = PBXGroup;
			children = (
				45FF093D2C06DE9C00AF86BC /* DataTest */,
				4598962D2BFC4437006E2447 /* ChartConfigurator.swift */,
				4598962F2BFDCDF9006E2447 /* showAlert.swift */,
				45FF092B2C04D85100AF86BC /* ConfigureChart.swift */,
				45FF092F2C05837500AF86BC /* DateHelper.swift */,
				45371E472C1584AC00685B4F /* ProcessAnimate.swift */,
				45371E4B2C15937400685B4F /* NotificationManager.swift */,
			);
			path = Utils;
			sourceTree = "<group>";
		};
		45DFD8F82BDA8E6D0032FB62 /* Login */ = {
			isa = PBXGroup;
			children = (
				45FBB51D2BDCA438005C8674 /* LoginViewController.swift */,
				4557CE6C2C2C4B0700603572 /* RegisterViewController.swift */,
				4557CE6E2C2C4B2300603572 /* ForgotPasswordViewController.swift */,
			);
			path = Login;
			sourceTree = "<group>";
		};
		45DFD8F92BDA8E720032FB62 /* Chart */ = {
			isa = PBXGroup;
			children = (
				457BAE662BF8EFB1001AF323 /* Cell */,
				45DFD8C32BDA8D690032FB62 /* ListViewController.swift */,
				457BAE6B2BF8FCCC001AF323 /* ChartViewController.swift */,
			);
			path = Chart;
			sourceTree = "<group>";
		};
		45DFD8FA2BDA8E7C0032FB62 /* BotTrading */ = {
			isa = PBXGroup;
			children = (
				459896282BFB4D7C006E2447 /* DetailCell */,
				45212E742BDA900E00440C09 /* PredictViewController.swift */,
				457BAE6F2BFA081A001AF323 /* DetailViewController.swift */,
				457BAE712BFA097F001AF323 /* BotViewController.swift */,
				45FF09662C07704200AF86BC /* AgentViewController.swift */,
			);
			path = BotTrading;
			sourceTree = "<group>";
		};
		45DFD8FB2BDA8E840032FB62 /* User */ = {
			isa = PBXGroup;
			children = (
				45212E762BDA902000440C09 /* UserViewController.swift */,
			);
			path = User;
			sourceTree = "<group>";
		};
		45FF091F2C046F8D00AF86BC /* Stock */ = {
			isa = PBXGroup;
			children = (
				45FF09202C046F9F00AF86BC /* Stock.swift */,
				45FF09222C0472A200AF86BC /* StockData.swift */,
				45371E422C109A3D00685B4F /* Forecast.swift */,
				45371E452C10AFC700685B4F /* StockInfo.swift */,
				45FF0BA52C170852009F39DA /* StockHold.swift */,
			);
			path = Stock;
			sourceTree = "<group>";
		};
		45FF09272C04CF6F00AF86BC /* Extension */ = {
			isa = PBXGroup;
			children = (
				45FF09282C04CF9500AF86BC /* Double+Extension.swift */,
				45FF092D2C057C3100AF86BC /* String+Extension.swift */,
				45FF09372C06CD2600AF86BC /* UIView+Extension.swift */,
			);
			path = Extension;
			sourceTree = "<group>";
		};
		45FF093D2C06DE9C00AF86BC /* DataTest */ = {
			isa = PBXGroup;
			children = (
				457BAE6D2BF9A059001AF323 /* StockDataTest.swift */,
				45FF093B2C06DE9700AF86BC /* AnomalyData.swift */,
				45FF096B2C07727300AF86BC /* AgentData.swift */,
			);
			path = DataTest;
			sourceTree = "<group>";
		};
		45FF093F2C070DBD00AF86BC /* Common */ = {
			isa = PBXGroup;
			children = (
				45FF093E2C070DBD00AF86BC /* SLCExtensions.swift */,
			);
			path = Common;
			sourceTree = "<group>";
		};
		45FF09452C070DBD00AF86BC /* Model */ = {
			isa = PBXGroup;
			children = (
				45FF09402C070DBD00AF86BC /* SLCChartStyle.swift */,
				45FF09412C070DBD00AF86BC /* SLCData.swift */,
				45FF09422C070DBD00AF86BC /* SLCDataSet.swift */,
				45FF09432C070DBD00AF86BC /* SLCLineStyle.swift */,
				45FF09442C070DBD00AF86BC /* SLCPeriod.swift */,
			);
			path = Model;
			sourceTree = "<group>";
		};
		45FF09492C070DBD00AF86BC /* View */ = {
			isa = PBXGroup;
			children = (
				45FF09462C070DBD00AF86BC /* SimpleLineChart.swift */,
				45FF09472C070DBD00AF86BC /* SLCEmptyState.swift */,
				45FF09482C070DBD00AF86BC /* SLCPeriodButton.swift */,
			);
			path = View;
			sourceTree = "<group>";
		};
		45FF094A2C070DBD00AF86BC /* SimpleLineChart */ = {
			isa = PBXGroup;
			children = (
				45FF093F2C070DBD00AF86BC /* Common */,
				45FF09452C070DBD00AF86BC /* Model */,
				45FF09492C070DBD00AF86BC /* View */,
			);
			path = SimpleLineChart;
			sourceTree = "<group>";
		};
		45FF096D2C0B0FA600AF86BC /* Agent */ = {
			isa = PBXGroup;
			children = (
				45FF096E2C0B0FC100AF86BC /* Agent.swift */,
			);
			path = Agent;
			sourceTree = "<group>";
		};
		45FF09722C0C5E9000AF86BC /* Wallet */ = {
			isa = PBXGroup;
			children = (
				45FF09732C0C5E9A00AF86BC /* Wallet.swift */,
				45371E492C158BE300685B4F /* History.swift */,
			);
			path = Wallet;
			sourceTree = "<group>";
		};
		4F9D2091DB52AA580E68DDB8 /* Pods */ = {
			isa = PBXGroup;
			children = (
				E3DBE9B3C156CACBCDE45C82 /* Pods-AutoTrader.debug.xcconfig */,
				312DDB17B786F3EC952314B1 /* Pods-AutoTrader.release.xcconfig */,
				E14BFFE516E11F361E0F04EE /* Pods-AutoTrader-AutoTraderUITests.debug.xcconfig */,
				A9CA05BF1E17332A984A6943 /* Pods-AutoTrader-AutoTraderUITests.release.xcconfig */,
				E9A6E88DD7AFBC2A2FF154D1 /* Pods-AutoTraderTests.debug.xcconfig */,
				ABF5A3AF34768D45E823C8DA /* Pods-AutoTraderTests.release.xcconfig */,
			);
			path = Pods;
			sourceTree = "<group>";
		};
/* End PBXGroup section */

/* Begin PBXNativeTarget section */
		45DFD8BB2BDA8D690032FB62 /* AutoTrader */ = {
			isa = PBXNativeTarget;
			buildConfigurationList = 45DFD8E62BDA8D6C0032FB62 /* Build configuration list for PBXNativeTarget "AutoTrader" */;
			buildPhases = (
				4AB4E5AFBFAA9918644145EC /* [CP] Check Pods Manifest.lock */,
				45DFD8B82BDA8D690032FB62 /* Sources */,
				45DFD8B92BDA8D690032FB62 /* Frameworks */,
				45DFD8BA2BDA8D690032FB62 /* Resources */,
				CF5D14212BAE7AC39BAE435D /* [CP] Embed Pods Frameworks */,
			);
			buildRules = (
			);
			dependencies = (
			);
			name = AutoTrader;
			productName = AutoTrader;
			productReference = 45DFD8BC2BDA8D690032FB62 /* AutoTrader.app */;
			productType = "com.apple.product-type.application";
		};
		45DFD8D12BDA8D6B0032FB62 /* AutoTraderTests */ = {
			isa = PBXNativeTarget;
			buildConfigurationList = 45DFD8E92BDA8D6C0032FB62 /* Build configuration list for PBXNativeTarget "AutoTraderTests" */;
			buildPhases = (
				9FB935CC42B5A69A19F51820 /* [CP] Check Pods Manifest.lock */,
				45DFD8CE2BDA8D6B0032FB62 /* Sources */,
				45DFD8CF2BDA8D6B0032FB62 /* Frameworks */,
				45DFD8D02BDA8D6B0032FB62 /* Resources */,
			);
			buildRules = (
			);
			dependencies = (
				45DFD8D42BDA8D6B0032FB62 /* PBXTargetDependency */,
			);
			name = AutoTraderTests;
			productName = AutoTraderTests;
			productReference = 45DFD8D22BDA8D6B0032FB62 /* AutoTraderTests.xctest */;
			productType = "com.apple.product-type.bundle.unit-test";
		};
		45DFD8DB2BDA8D6C0032FB62 /* AutoTraderUITests */ = {
			isa = PBXNativeTarget;
			buildConfigurationList = 45DFD8EC2BDA8D6C0032FB62 /* Build configuration list for PBXNativeTarget "AutoTraderUITests" */;
			buildPhases = (
				785511DF6EF348D674F5A42B /* [CP] Check Pods Manifest.lock */,
				45DFD8D82BDA8D6C0032FB62 /* Sources */,
				45DFD8D92BDA8D6C0032FB62 /* Frameworks */,
				45DFD8DA2BDA8D6C0032FB62 /* Resources */,
				6F54C217EB661FE8567DC3FE /* [CP] Embed Pods Frameworks */,
			);
			buildRules = (
			);
			dependencies = (
				45DFD8DE2BDA8D6C0032FB62 /* PBXTargetDependency */,
			);
			name = AutoTraderUITests;
			productName = AutoTraderUITests;
			productReference = 45DFD8DC2BDA8D6C0032FB62 /* AutoTraderUITests.xctest */;
			productType = "com.apple.product-type.bundle.ui-testing";
		};
/* End PBXNativeTarget section */

/* Begin PBXProject section */
		45DFD8B42BDA8D690032FB62 /* Project object */ = {
			isa = PBXProject;
			attributes = {
				BuildIndependentTargetsInParallel = 1;
				LastSwiftUpdateCheck = 1530;
				LastUpgradeCheck = 1530;
				TargetAttributes = {
					45DFD8BB2BDA8D690032FB62 = {
						CreatedOnToolsVersion = 15.3;
					};
					45DFD8D12BDA8D6B0032FB62 = {
						CreatedOnToolsVersion = 15.3;
						TestTargetID = 45DFD8BB2BDA8D690032FB62;
					};
					45DFD8DB2BDA8D6C0032FB62 = {
						CreatedOnToolsVersion = 15.3;
						TestTargetID = 45DFD8BB2BDA8D690032FB62;
					};
				};
			};
			buildConfigurationList = 45DFD8B72BDA8D690032FB62 /* Build configuration list for PBXProject "AutoTrader" */;
			compatibilityVersion = "Xcode 14.0";
			developmentRegion = en;
			hasScannedForEncodings = 0;
			knownRegions = (
				en,
				Base,
			);
			mainGroup = 45DFD8B32BDA8D690032FB62;
			packageReferences = (
			);
			productRefGroup = 45DFD8BD2BDA8D690032FB62 /* Products */;
			projectDirPath = "";
			projectRoot = "";
			targets = (
				45DFD8BB2BDA8D690032FB62 /* AutoTrader */,
				45DFD8D12BDA8D6B0032FB62 /* AutoTraderTests */,
				45DFD8DB2BDA8D6C0032FB62 /* AutoTraderUITests */,
			);
		};
/* End PBXProject section */

/* Begin PBXResourcesBuildPhase section */
		45DFD8BA2BDA8D690032FB62 /* Resources */ = {
			isa = PBXResourcesBuildPhase;
			buildActionMask = 2147483647;
			files = (
				45FF0BAA2C170B7F009F39DA /* StockHoldCollectionViewCell.xib in Resources */,
				45371E522C159AFF00685B4F /* NotificationTableViewCell.xib in Resources */,
				45FF09632C076F6C00AF86BC /* LaunchScreen.storyboard in Resources */,
				45FF09262C048D8400AF86BC /* Main.storyboard in Resources */,
				4557CE732C2C548500603572 /* AgentTableViewCell.xib in Resources */,
				45DFD8C92BDA8D6B0032FB62 /* Assets.xcassets in Resources */,
				456EB9012BF0C7030018D38B /* Colors.xcassets in Resources */,
				45DFD8CC2BDA8D6B0032FB62 /* Base in Resources */,
				4598962B2BFB4DDC006E2447 /* PredictTableViewCell.xib in Resources */,
				4560F72C2C160F2300658F7A /* HistoryTableViewCell.xib in Resources */,
				457BAE6A2BF8EFF1001AF323 /* SymbolTableViewCell.xib in Resources */,
			);
			runOnlyForDeploymentPostprocessing = 0;
		};
		45DFD8D02BDA8D6B0032FB62 /* Resources */ = {
			isa = PBXResourcesBuildPhase;
			buildActionMask = 2147483647;
			files = (
			);
			runOnlyForDeploymentPostprocessing = 0;
		};
		45DFD8DA2BDA8D6C0032FB62 /* Resources */ = {
			isa = PBXResourcesBuildPhase;
			buildActionMask = 2147483647;
			files = (
			);
			runOnlyForDeploymentPostprocessing = 0;
		};
/* End PBXResourcesBuildPhase section */

/* Begin PBXShellScriptBuildPhase section */
		4AB4E5AFBFAA9918644145EC /* [CP] Check Pods Manifest.lock */ = {
			isa = PBXShellScriptBuildPhase;
			buildActionMask = 2147483647;
			files = (
			);
			inputFileListPaths = (
			);
			inputPaths = (
				"${PODS_PODFILE_DIR_PATH}/Podfile.lock",
				"${PODS_ROOT}/Manifest.lock",
			);
			name = "[CP] Check Pods Manifest.lock";
			outputFileListPaths = (
			);
			outputPaths = (
				"$(DERIVED_FILE_DIR)/Pods-AutoTrader-checkManifestLockResult.txt",
			);
			runOnlyForDeploymentPostprocessing = 0;
			shellPath = /bin/sh;
			shellScript = "diff \"${PODS_PODFILE_DIR_PATH}/Podfile.lock\" \"${PODS_ROOT}/Manifest.lock\" > /dev/null\nif [ $? != 0 ] ; then\n    # print error to STDERR\n    echo \"error: The sandbox is not in sync with the Podfile.lock. Run 'pod install' or update your CocoaPods installation.\" >&2\n    exit 1\nfi\n# This output is used by Xcode 'outputs' to avoid re-running this script phase.\necho \"SUCCESS\" > \"${SCRIPT_OUTPUT_FILE_0}\"\n";
			showEnvVarsInLog = 0;
		};
		6F54C217EB661FE8567DC3FE /* [CP] Embed Pods Frameworks */ = {
			isa = PBXShellScriptBuildPhase;
			buildActionMask = 2147483647;
			files = (
			);
			inputFileListPaths = (
				"${PODS_ROOT}/Target Support Files/Pods-AutoTrader-AutoTraderUITests/Pods-AutoTrader-AutoTraderUITests-frameworks-${CONFIGURATION}-input-files.xcfilelist",
			);
			name = "[CP] Embed Pods Frameworks";
			outputFileListPaths = (
				"${PODS_ROOT}/Target Support Files/Pods-AutoTrader-AutoTraderUITests/Pods-AutoTrader-AutoTraderUITests-frameworks-${CONFIGURATION}-output-files.xcfilelist",
			);
			runOnlyForDeploymentPostprocessing = 0;
			shellPath = /bin/sh;
			shellScript = "\"${PODS_ROOT}/Target Support Files/Pods-AutoTrader-AutoTraderUITests/Pods-AutoTrader-AutoTraderUITests-frameworks.sh\"\n";
			showEnvVarsInLog = 0;
		};
		785511DF6EF348D674F5A42B /* [CP] Check Pods Manifest.lock */ = {
			isa = PBXShellScriptBuildPhase;
			buildActionMask = 2147483647;
			files = (
			);
			inputFileListPaths = (
			);
			inputPaths = (
				"${PODS_PODFILE_DIR_PATH}/Podfile.lock",
				"${PODS_ROOT}/Manifest.lock",
			);
			name = "[CP] Check Pods Manifest.lock";
			outputFileListPaths = (
			);
			outputPaths = (
				"$(DERIVED_FILE_DIR)/Pods-AutoTrader-AutoTraderUITests-checkManifestLockResult.txt",
			);
			runOnlyForDeploymentPostprocessing = 0;
			shellPath = /bin/sh;
			shellScript = "diff \"${PODS_PODFILE_DIR_PATH}/Podfile.lock\" \"${PODS_ROOT}/Manifest.lock\" > /dev/null\nif [ $? != 0 ] ; then\n    # print error to STDERR\n    echo \"error: The sandbox is not in sync with the Podfile.lock. Run 'pod install' or update your CocoaPods installation.\" >&2\n    exit 1\nfi\n# This output is used by Xcode 'outputs' to avoid re-running this script phase.\necho \"SUCCESS\" > \"${SCRIPT_OUTPUT_FILE_0}\"\n";
			showEnvVarsInLog = 0;
		};
		9FB935CC42B5A69A19F51820 /* [CP] Check Pods Manifest.lock */ = {
			isa = PBXShellScriptBuildPhase;
			buildActionMask = 2147483647;
			files = (
			);
			inputFileListPaths = (
			);
			inputPaths = (
				"${PODS_PODFILE_DIR_PATH}/Podfile.lock",
				"${PODS_ROOT}/Manifest.lock",
			);
			name = "[CP] Check Pods Manifest.lock";
			outputFileListPaths = (
			);
			outputPaths = (
				"$(DERIVED_FILE_DIR)/Pods-AutoTraderTests-checkManifestLockResult.txt",
			);
			runOnlyForDeploymentPostprocessing = 0;
			shellPath = /bin/sh;
			shellScript = "diff \"${PODS_PODFILE_DIR_PATH}/Podfile.lock\" \"${PODS_ROOT}/Manifest.lock\" > /dev/null\nif [ $? != 0 ] ; then\n    # print error to STDERR\n    echo \"error: The sandbox is not in sync with the Podfile.lock. Run 'pod install' or update your CocoaPods installation.\" >&2\n    exit 1\nfi\n# This output is used by Xcode 'outputs' to avoid re-running this script phase.\necho \"SUCCESS\" > \"${SCRIPT_OUTPUT_FILE_0}\"\n";
			showEnvVarsInLog = 0;
		};
		CF5D14212BAE7AC39BAE435D /* [CP] Embed Pods Frameworks */ = {
			isa = PBXShellScriptBuildPhase;
			buildActionMask = 2147483647;
			files = (
			);
			inputFileListPaths = (
				"${PODS_ROOT}/Target Support Files/Pods-AutoTrader/Pods-AutoTrader-frameworks-${CONFIGURATION}-input-files.xcfilelist",
			);
			name = "[CP] Embed Pods Frameworks";
			outputFileListPaths = (
				"${PODS_ROOT}/Target Support Files/Pods-AutoTrader/Pods-AutoTrader-frameworks-${CONFIGURATION}-output-files.xcfilelist",
			);
			runOnlyForDeploymentPostprocessing = 0;
			shellPath = /bin/sh;
			shellScript = "\"${PODS_ROOT}/Target Support Files/Pods-AutoTrader/Pods-AutoTrader-frameworks.sh\"\n";
			showEnvVarsInLog = 0;
		};
/* End PBXShellScriptBuildPhase section */

/* Begin PBXSourcesBuildPhase section */
		45DFD8B82BDA8D690032FB62 /* Sources */ = {
			isa = PBXSourcesBuildPhase;
			buildActionMask = 2147483647;
			files = (
				45FF094B2C070DBD00AF86BC /* SLCExtensions.swift in Sources */,
				45FBB51C2BDC9EC9005C8674 /* Urls.swift in Sources */,
				4560F72B2C160F2300658F7A /* HistoryTableViewCell.swift in Sources */,
				45FF097B2C0DBD1E00AF86BC /* ActionWalletViewController.swift in Sources */,
				45FF09792C0DBB1700AF86BC /* WalletRepository.swift in Sources */,
				45FF09672C07704200AF86BC /* AgentViewController.swift in Sources */,
				459896302BFDCDF9006E2447 /* showAlert.swift in Sources */,
				45371E4E2C15984800685B4F /* ListNotiViewController.swift in Sources */,
				45FF09212C046F9F00AF86BC /* Stock.swift in Sources */,
				45371E432C109A3D00685B4F /* Forecast.swift in Sources */,
				45FF09302C05837500AF86BC /* DateHelper.swift in Sources */,
				45DFD8C42BDA8D690032FB62 /* ListViewController.swift in Sources */,
				45FF096C2C07727300AF86BC /* AgentData.swift in Sources */,
				45FF09292C04CF9500AF86BC /* Double+Extension.swift in Sources */,
				45FBB51A2BDC9E90005C8674 /* NetworkMonitor.swift in Sources */,
				457BAE692BF8EFF1001AF323 /* SymbolTableViewCell.swift in Sources */,
				45FF09532C070DBD00AF86BC /* SLCPeriodButton.swift in Sources */,
				4557CE6F2C2C4B2300603572 /* ForgotPasswordViewController.swift in Sources */,
				45FBB5182BDC9E64005C8674 /* NetworkError.swift in Sources */,
				45FF092E2C057C3100AF86BC /* String+Extension.swift in Sources */,
				457BAE6C2BF8FCCC001AF323 /* ChartViewController.swift in Sources */,
				45FF09742C0C5E9A00AF86BC /* Wallet.swift in Sources */,
				45371E482C1584AC00685B4F /* ProcessAnimate.swift in Sources */,
				45371E532C159AFF00685B4F /* NotificationTableViewCell.swift in Sources */,
				45FF09522C070DBD00AF86BC /* SLCEmptyState.swift in Sources */,
				45FF09762C0C695C00AF86BC /* Login.swift in Sources */,
				45FF09232C0472A200AF86BC /* StockData.swift in Sources */,
				45212E772BDA902000440C09 /* UserViewController.swift in Sources */,
				45FF09512C070DBD00AF86BC /* SimpleLineChart.swift in Sources */,
				45DFD8C02BDA8D690032FB62 /* AppDelegate.swift in Sources */,
				45371E4A2C158BE300685B4F /* History.swift in Sources */,
				45212E752BDA900E00440C09 /* PredictViewController.swift in Sources */,
				45FF0BA62C170852009F39DA /* StockHold.swift in Sources */,
				45371E462C10AFC700685B4F /* StockInfo.swift in Sources */,
				457BAE702BFA081A001AF323 /* DetailViewController.swift in Sources */,
				4557CE722C2C548500603572 /* AgentTableViewCell.swift in Sources */,
				45371E4C2C15937400685B4F /* NotificationManager.swift in Sources */,
				45FF09712C0C5BA600AF86BC /* UserRepository.swift in Sources */,
				45FF094C2C070DBD00AF86BC /* SLCChartStyle.swift in Sources */,
				45FBB5162BDC9E51005C8674 /* APIService.swift in Sources */,
				4598962E2BFC4437006E2447 /* ChartConfigurator.swift in Sources */,
				45FF094F2C070DBD00AF86BC /* SLCLineStyle.swift in Sources */,
				45FF093C2C06DE9700AF86BC /* AnomalyData.swift in Sources */,
				45FF09382C06CD2600AF86BC /* UIView+Extension.swift in Sources */,
				45FF09502C070DBD00AF86BC /* SLCPeriod.swift in Sources */,
				4598962C2BFB4DDC006E2447 /* PredictTableViewCell.swift in Sources */,
				45FF0BA92C170B7F009F39DA /* StockHoldCollectionViewCell.swift in Sources */,
				45FF092C2C04D85100AF86BC /* ConfigureChart.swift in Sources */,
				457BAE6E2BF9A059001AF323 /* StockDataTest.swift in Sources */,
				45FF09252C0473C400AF86BC /* StockDataRepository.swift in Sources */,
				457BAE5A2BF8B81B001AF323 /* User.swift in Sources */,
				457BAE652BF8C934001AF323 /* WalletViewController.swift in Sources */,
				457BAE5F2BF8C430001AF323 /* Noti.swift in Sources */,
				4557CE6D2C2C4B0700603572 /* RegisterViewController.swift in Sources */,
				45FBB51E2BDCA438005C8674 /* LoginViewController.swift in Sources */,
				45FF094D2C070DBD00AF86BC /* SLCData.swift in Sources */,
				45DFD8C22BDA8D690032FB62 /* SceneDelegate.swift in Sources */,
				457BAE582BF8B4B4001AF323 /* UserRegister.swift in Sources */,
				45FF094E2C070DBD00AF86BC /* SLCDataSet.swift in Sources */,
				45FF0BA42C17007F009F39DA /* HistoryViewController.swift in Sources */,
				45FF096F2C0B0FC100AF86BC /* Agent.swift in Sources */,
				457BAE722BFA097F001AF323 /* BotViewController.swift in Sources */,
			);
			runOnlyForDeploymentPostprocessing = 0;
		};
		45DFD8CE2BDA8D6B0032FB62 /* Sources */ = {
			isa = PBXSourcesBuildPhase;
			buildActionMask = 2147483647;
			files = (
				45DFD8D72BDA8D6B0032FB62 /* AutoTraderTests.swift in Sources */,
			);
			runOnlyForDeploymentPostprocessing = 0;
		};
		45DFD8D82BDA8D6C0032FB62 /* Sources */ = {
			isa = PBXSourcesBuildPhase;
			buildActionMask = 2147483647;
			files = (
				45DFD8E12BDA8D6C0032FB62 /* AutoTraderUITests.swift in Sources */,
				45DFD8E32BDA8D6C0032FB62 /* AutoTraderUITestsLaunchTests.swift in Sources */,
			);
			runOnlyForDeploymentPostprocessing = 0;
		};
/* End PBXSourcesBuildPhase section */

/* Begin PBXTargetDependency section */
		45DFD8D42BDA8D6B0032FB62 /* PBXTargetDependency */ = {
			isa = PBXTargetDependency;
			target = 45DFD8BB2BDA8D690032FB62 /* AutoTrader */;
			targetProxy = 45DFD8D32BDA8D6B0032FB62 /* PBXContainerItemProxy */;
		};
		45DFD8DE2BDA8D6C0032FB62 /* PBXTargetDependency */ = {
			isa = PBXTargetDependency;
			target = 45DFD8BB2BDA8D690032FB62 /* AutoTrader */;
			targetProxy = 45DFD8DD2BDA8D6C0032FB62 /* PBXContainerItemProxy */;
		};
/* End PBXTargetDependency section */

/* Begin PBXVariantGroup section */
		45DFD8C52BDA8D690032FB62 /* Main.storyboard */ = {
			isa = PBXVariantGroup;
			children = (
				45DFD8C62BDA8D690032FB62 /* Base */,
			);
			name = Main.storyboard;
			sourceTree = "<group>";
		};
		45DFD8CA2BDA8D6B0032FB62 /* LaunchScreen.storyboard */ = {
			isa = PBXVariantGroup;
			children = (
				45DFD8CB2BDA8D6B0032FB62 /* Base */,
			);
			name = LaunchScreen.storyboard;
			sourceTree = "<group>";
		};
/* End PBXVariantGroup section */

/* Begin XCBuildConfiguration section */
		45DFD8E42BDA8D6C0032FB62 /* Debug */ = {
			isa = XCBuildConfiguration;
			buildSettings = {
				ALWAYS_SEARCH_USER_PATHS = NO;
				ASSETCATALOG_COMPILER_GENERATE_SWIFT_ASSET_SYMBOL_EXTENSIONS = YES;
				CLANG_ANALYZER_NONNULL = YES;
				CLANG_ANALYZER_NUMBER_OBJECT_CONVERSION = YES_AGGRESSIVE;
				CLANG_CXX_LANGUAGE_STANDARD = "gnu++20";
				CLANG_ENABLE_MODULES = YES;
				CLANG_ENABLE_OBJC_ARC = YES;
				CLANG_ENABLE_OBJC_WEAK = YES;
				CLANG_WARN_BLOCK_CAPTURE_AUTORELEASING = YES;
				CLANG_WARN_BOOL_CONVERSION = YES;
				CLANG_WARN_COMMA = YES;
				CLANG_WARN_CONSTANT_CONVERSION = YES;
				CLANG_WARN_DEPRECATED_OBJC_IMPLEMENTATIONS = YES;
				CLANG_WARN_DIRECT_OBJC_ISA_USAGE = YES_ERROR;
				CLANG_WARN_DOCUMENTATION_COMMENTS = YES;
				CLANG_WARN_EMPTY_BODY = YES;
				CLANG_WARN_ENUM_CONVERSION = YES;
				CLANG_WARN_INFINITE_RECURSION = YES;
				CLANG_WARN_INT_CONVERSION = YES;
				CLANG_WARN_NON_LITERAL_NULL_CONVERSION = YES;
				CLANG_WARN_OBJC_IMPLICIT_RETAIN_SELF = YES;
				CLANG_WARN_OBJC_LITERAL_CONVERSION = YES;
				CLANG_WARN_OBJC_ROOT_CLASS = YES_ERROR;
				CLANG_WARN_QUOTED_INCLUDE_IN_FRAMEWORK_HEADER = YES;
				CLANG_WARN_RANGE_LOOP_ANALYSIS = YES;
				CLANG_WARN_STRICT_PROTOTYPES = YES;
				CLANG_WARN_SUSPICIOUS_MOVE = YES;
				CLANG_WARN_UNGUARDED_AVAILABILITY = YES_AGGRESSIVE;
				CLANG_WARN_UNREACHABLE_CODE = YES;
				CLANG_WARN__DUPLICATE_METHOD_MATCH = YES;
				COPY_PHASE_STRIP = NO;
				DEBUG_INFORMATION_FORMAT = dwarf;
				ENABLE_STRICT_OBJC_MSGSEND = YES;
				ENABLE_TESTABILITY = YES;
				ENABLE_USER_SCRIPT_SANDBOXING = NO;
				GCC_C_LANGUAGE_STANDARD = gnu17;
				GCC_DYNAMIC_NO_PIC = NO;
				GCC_NO_COMMON_BLOCKS = YES;
				GCC_OPTIMIZATION_LEVEL = 0;
				GCC_PREPROCESSOR_DEFINITIONS = (
					"DEBUG=1",
					"$(inherited)",
				);
				GCC_WARN_64_TO_32_BIT_CONVERSION = YES;
				GCC_WARN_ABOUT_RETURN_TYPE = YES_ERROR;
				GCC_WARN_UNDECLARED_SELECTOR = YES;
				GCC_WARN_UNINITIALIZED_AUTOS = YES_AGGRESSIVE;
				GCC_WARN_UNUSED_FUNCTION = YES;
				GCC_WARN_UNUSED_VARIABLE = YES;
				IPHONEOS_DEPLOYMENT_TARGET = 14.0;
				LOCALIZATION_PREFERS_STRING_CATALOGS = YES;
				MTL_ENABLE_DEBUG_INFO = INCLUDE_SOURCE;
				MTL_FAST_MATH = YES;
				ONLY_ACTIVE_ARCH = YES;
				SDKROOT = iphoneos;
				SWIFT_ACTIVE_COMPILATION_CONDITIONS = "DEBUG $(inherited)";
				SWIFT_OPTIMIZATION_LEVEL = "-Onone";
			};
			name = Debug;
		};
		45DFD8E52BDA8D6C0032FB62 /* Release */ = {
			isa = XCBuildConfiguration;
			buildSettings = {
				ALWAYS_SEARCH_USER_PATHS = NO;
				ASSETCATALOG_COMPILER_GENERATE_SWIFT_ASSET_SYMBOL_EXTENSIONS = YES;
				CLANG_ANALYZER_NONNULL = YES;
				CLANG_ANALYZER_NUMBER_OBJECT_CONVERSION = YES_AGGRESSIVE;
				CLANG_CXX_LANGUAGE_STANDARD = "gnu++20";
				CLANG_ENABLE_MODULES = YES;
				CLANG_ENABLE_OBJC_ARC = YES;
				CLANG_ENABLE_OBJC_WEAK = YES;
				CLANG_WARN_BLOCK_CAPTURE_AUTORELEASING = YES;
				CLANG_WARN_BOOL_CONVERSION = YES;
				CLANG_WARN_COMMA = YES;
				CLANG_WARN_CONSTANT_CONVERSION = YES;
				CLANG_WARN_DEPRECATED_OBJC_IMPLEMENTATIONS = YES;
				CLANG_WARN_DIRECT_OBJC_ISA_USAGE = YES_ERROR;
				CLANG_WARN_DOCUMENTATION_COMMENTS = YES;
				CLANG_WARN_EMPTY_BODY = YES;
				CLANG_WARN_ENUM_CONVERSION = YES;
				CLANG_WARN_INFINITE_RECURSION = YES;
				CLANG_WARN_INT_CONVERSION = YES;
				CLANG_WARN_NON_LITERAL_NULL_CONVERSION = YES;
				CLANG_WARN_OBJC_IMPLICIT_RETAIN_SELF = YES;
				CLANG_WARN_OBJC_LITERAL_CONVERSION = YES;
				CLANG_WARN_OBJC_ROOT_CLASS = YES_ERROR;
				CLANG_WARN_QUOTED_INCLUDE_IN_FRAMEWORK_HEADER = YES;
				CLANG_WARN_RANGE_LOOP_ANALYSIS = YES;
				CLANG_WARN_STRICT_PROTOTYPES = YES;
				CLANG_WARN_SUSPICIOUS_MOVE = YES;
				CLANG_WARN_UNGUARDED_AVAILABILITY = YES_AGGRESSIVE;
				CLANG_WARN_UNREACHABLE_CODE = YES;
				CLANG_WARN__DUPLICATE_METHOD_MATCH = YES;
				COPY_PHASE_STRIP = NO;
				DEBUG_INFORMATION_FORMAT = "dwarf-with-dsym";
				ENABLE_NS_ASSERTIONS = NO;
				ENABLE_STRICT_OBJC_MSGSEND = YES;
				ENABLE_USER_SCRIPT_SANDBOXING = NO;
				GCC_C_LANGUAGE_STANDARD = gnu17;
				GCC_NO_COMMON_BLOCKS = YES;
				GCC_WARN_64_TO_32_BIT_CONVERSION = YES;
				"GCC_WARN_64_TO_32_BIT_CONVERSION[arch=*64]" = YES;
				GCC_WARN_ABOUT_RETURN_TYPE = YES_ERROR;
				GCC_WARN_UNDECLARED_SELECTOR = YES;
				GCC_WARN_UNINITIALIZED_AUTOS = YES_AGGRESSIVE;
				GCC_WARN_UNUSED_FUNCTION = YES;
				GCC_WARN_UNUSED_VARIABLE = YES;
				IPHONEOS_DEPLOYMENT_TARGET = 14.0;
				LOCALIZATION_PREFERS_STRING_CATALOGS = YES;
				MTL_ENABLE_DEBUG_INFO = NO;
				MTL_FAST_MATH = YES;
				SDKROOT = iphoneos;
				SWIFT_COMPILATION_MODE = wholemodule;
				VALIDATE_PRODUCT = YES;
			};
			name = Release;
		};
		45DFD8E72BDA8D6C0032FB62 /* Debug */ = {
			isa = XCBuildConfiguration;
			baseConfigurationReference = E3DBE9B3C156CACBCDE45C82 /* Pods-AutoTrader.debug.xcconfig */;
			buildSettings = {
				ASSETCATALOG_COMPILER_APPICON_NAME = AppIcon;
				ASSETCATALOG_COMPILER_GLOBAL_ACCENT_COLOR_NAME = AccentColor;
				CODE_SIGN_STYLE = Automatic;
				CURRENT_PROJECT_VERSION = 1;
				DEVELOPMENT_TEAM = KNQWN32P6C;
				GENERATE_INFOPLIST_FILE = YES;
				INFOPLIST_FILE = AutoTrader/Info.plist;
				INFOPLIST_KEY_UIApplicationSupportsIndirectInputEvents = YES;
				INFOPLIST_KEY_UILaunchStoryboardName = LaunchScreen;
				INFOPLIST_KEY_UIMainStoryboardFile = Main;
				INFOPLIST_KEY_UISupportedInterfaceOrientations_iPad = "UIInterfaceOrientationPortrait UIInterfaceOrientationPortraitUpsideDown UIInterfaceOrientationLandscapeLeft UIInterfaceOrientationLandscapeRight";
				INFOPLIST_KEY_UISupportedInterfaceOrientations_iPhone = "UIInterfaceOrientationPortrait UIInterfaceOrientationLandscapeLeft UIInterfaceOrientationLandscapeRight";
				IPHONEOS_DEPLOYMENT_TARGET = 17.4;
				LD_RUNPATH_SEARCH_PATHS = (
					"$(inherited)",
					"@executable_path/Frameworks",
				);
				MARKETING_VERSION = 1.0;
				PRODUCT_BUNDLE_IDENTIFIER = baoan.com.AutoTrader;
				PRODUCT_NAME = "$(TARGET_NAME)";
				SWIFT_EMIT_LOC_STRINGS = YES;
				SWIFT_VERSION = 5.0;
				TARGETED_DEVICE_FAMILY = "1,2";
			};
			name = Debug;
		};
		45DFD8E82BDA8D6C0032FB62 /* Release */ = {
			isa = XCBuildConfiguration;
			baseConfigurationReference = 312DDB17B786F3EC952314B1 /* Pods-AutoTrader.release.xcconfig */;
			buildSettings = {
				ASSETCATALOG_COMPILER_APPICON_NAME = AppIcon;
				ASSETCATALOG_COMPILER_GLOBAL_ACCENT_COLOR_NAME = AccentColor;
				CODE_SIGN_STYLE = Automatic;
				CURRENT_PROJECT_VERSION = 1;
				DEVELOPMENT_TEAM = KNQWN32P6C;
				GENERATE_INFOPLIST_FILE = YES;
				INFOPLIST_FILE = AutoTrader/Info.plist;
				INFOPLIST_KEY_UIApplicationSupportsIndirectInputEvents = YES;
				INFOPLIST_KEY_UILaunchStoryboardName = LaunchScreen;
				INFOPLIST_KEY_UIMainStoryboardFile = Main;
				INFOPLIST_KEY_UISupportedInterfaceOrientations_iPad = "UIInterfaceOrientationPortrait UIInterfaceOrientationPortraitUpsideDown UIInterfaceOrientationLandscapeLeft UIInterfaceOrientationLandscapeRight";
				INFOPLIST_KEY_UISupportedInterfaceOrientations_iPhone = "UIInterfaceOrientationPortrait UIInterfaceOrientationLandscapeLeft UIInterfaceOrientationLandscapeRight";
				IPHONEOS_DEPLOYMENT_TARGET = 17.4;
				LD_RUNPATH_SEARCH_PATHS = (
					"$(inherited)",
					"@executable_path/Frameworks",
				);
				MARKETING_VERSION = 1.0;
				PRODUCT_BUNDLE_IDENTIFIER = baoan.com.AutoTrader;
				PRODUCT_NAME = "$(TARGET_NAME)";
				SWIFT_EMIT_LOC_STRINGS = YES;
				SWIFT_VERSION = 5.0;
				TARGETED_DEVICE_FAMILY = "1,2";
			};
			name = Release;
		};
		45DFD8EA2BDA8D6C0032FB62 /* Debug */ = {
			isa = XCBuildConfiguration;
			baseConfigurationReference = E9A6E88DD7AFBC2A2FF154D1 /* Pods-AutoTraderTests.debug.xcconfig */;
			buildSettings = {
				ALWAYS_EMBED_SWIFT_STANDARD_LIBRARIES = YES;
				BUNDLE_LOADER = "$(TEST_HOST)";
				CODE_SIGN_STYLE = Automatic;
				CURRENT_PROJECT_VERSION = 1;
				GENERATE_INFOPLIST_FILE = YES;
				IPHONEOS_DEPLOYMENT_TARGET = 17.4;
				MARKETING_VERSION = 1.0;
				PRODUCT_BUNDLE_IDENTIFIER = baoan.com.AutoTraderTests;
				PRODUCT_NAME = "$(TARGET_NAME)";
				SWIFT_EMIT_LOC_STRINGS = NO;
				SWIFT_VERSION = 5.0;
				TARGETED_DEVICE_FAMILY = "1,2";
				TEST_HOST = "$(BUILT_PRODUCTS_DIR)/AutoTrader.app/$(BUNDLE_EXECUTABLE_FOLDER_PATH)/AutoTrader";
			};
			name = Debug;
		};
		45DFD8EB2BDA8D6C0032FB62 /* Release */ = {
			isa = XCBuildConfiguration;
			baseConfigurationReference = ABF5A3AF34768D45E823C8DA /* Pods-AutoTraderTests.release.xcconfig */;
			buildSettings = {
				ALWAYS_EMBED_SWIFT_STANDARD_LIBRARIES = YES;
				BUNDLE_LOADER = "$(TEST_HOST)";
				CODE_SIGN_STYLE = Automatic;
				CURRENT_PROJECT_VERSION = 1;
				GENERATE_INFOPLIST_FILE = YES;
				IPHONEOS_DEPLOYMENT_TARGET = 17.4;
				MARKETING_VERSION = 1.0;
				PRODUCT_BUNDLE_IDENTIFIER = baoan.com.AutoTraderTests;
				PRODUCT_NAME = "$(TARGET_NAME)";
				SWIFT_EMIT_LOC_STRINGS = NO;
				SWIFT_VERSION = 5.0;
				TARGETED_DEVICE_FAMILY = "1,2";
				TEST_HOST = "$(BUILT_PRODUCTS_DIR)/AutoTrader.app/$(BUNDLE_EXECUTABLE_FOLDER_PATH)/AutoTrader";
			};
			name = Release;
		};
		45DFD8ED2BDA8D6C0032FB62 /* Debug */ = {
			isa = XCBuildConfiguration;
			baseConfigurationReference = E14BFFE516E11F361E0F04EE /* Pods-AutoTrader-AutoTraderUITests.debug.xcconfig */;
			buildSettings = {
				ALWAYS_EMBED_SWIFT_STANDARD_LIBRARIES = YES;
				CODE_SIGN_STYLE = Automatic;
				CURRENT_PROJECT_VERSION = 1;
				GENERATE_INFOPLIST_FILE = YES;
				MARKETING_VERSION = 1.0;
				PRODUCT_BUNDLE_IDENTIFIER = baoan.com.AutoTraderUITests;
				PRODUCT_NAME = "$(TARGET_NAME)";
				SWIFT_EMIT_LOC_STRINGS = NO;
				SWIFT_VERSION = 5.0;
				TARGETED_DEVICE_FAMILY = "1,2";
				TEST_TARGET_NAME = AutoTrader;
			};
			name = Debug;
		};
		45DFD8EE2BDA8D6C0032FB62 /* Release */ = {
			isa = XCBuildConfiguration;
			baseConfigurationReference = A9CA05BF1E17332A984A6943 /* Pods-AutoTrader-AutoTraderUITests.release.xcconfig */;
			buildSettings = {
				ALWAYS_EMBED_SWIFT_STANDARD_LIBRARIES = YES;
				CODE_SIGN_STYLE = Automatic;
				CURRENT_PROJECT_VERSION = 1;
				GENERATE_INFOPLIST_FILE = YES;
				MARKETING_VERSION = 1.0;
				PRODUCT_BUNDLE_IDENTIFIER = baoan.com.AutoTraderUITests;
				PRODUCT_NAME = "$(TARGET_NAME)";
				SWIFT_EMIT_LOC_STRINGS = NO;
				SWIFT_VERSION = 5.0;
				TARGETED_DEVICE_FAMILY = "1,2";
				TEST_TARGET_NAME = AutoTrader;
			};
			name = Release;
		};
/* End XCBuildConfiguration section */

/* Begin XCConfigurationList section */
		45DFD8B72BDA8D690032FB62 /* Build configuration list for PBXProject "AutoTrader" */ = {
			isa = XCConfigurationList;
			buildConfigurations = (
				45DFD8E42BDA8D6C0032FB62 /* Debug */,
				45DFD8E52BDA8D6C0032FB62 /* Release */,
			);
			defaultConfigurationIsVisible = 0;
			defaultConfigurationName = Release;
		};
		45DFD8E62BDA8D6C0032FB62 /* Build configuration list for PBXNativeTarget "AutoTrader" */ = {
			isa = XCConfigurationList;
			buildConfigurations = (
				45DFD8E72BDA8D6C0032FB62 /* Debug */,
				45DFD8E82BDA8D6C0032FB62 /* Release */,
			);
			defaultConfigurationIsVisible = 0;
			defaultConfigurationName = Release;
		};
		45DFD8E92BDA8D6C0032FB62 /* Build configuration list for PBXNativeTarget "AutoTraderTests" */ = {
			isa = XCConfigurationList;
			buildConfigurations = (
				45DFD8EA2BDA8D6C0032FB62 /* Debug */,
				45DFD8EB2BDA8D6C0032FB62 /* Release */,
			);
			defaultConfigurationIsVisible = 0;
			defaultConfigurationName = Release;
		};
		45DFD8EC2BDA8D6C0032FB62 /* Build configuration list for PBXNativeTarget "AutoTraderUITests" */ = {
			isa = XCConfigurationList;
			buildConfigurations = (
				45DFD8ED2BDA8D6C0032FB62 /* Debug */,
				45DFD8EE2BDA8D6C0032FB62 /* Release */,
			);
			defaultConfigurationIsVisible = 0;
			defaultConfigurationName = Release;
		};
/* End XCConfigurationList section */
	};
	rootObject = 45DFD8B42BDA8D690032FB62 /* Project object */;
}
