// !$*UTF8*$!
{
	archiveVersion = 1;
	classes = {
	};
	objectVersion = 56;
	objects = {

/* Begin PBXBuildFile section */
		45212E752BDA900E00440C09 /* BotViewController.swift in Sources */ = {isa = PBXBuildFile; fileRef = 45212E742BDA900E00440C09 /* BotViewController.swift */; };
		45212E772BDA902000440C09 /* UserViewController.swift in Sources */ = {isa = PBXBuildFile; fileRef = 45212E762BDA902000440C09 /* UserViewController.swift */; };
		45DFD8C02BDA8D690032FB62 /* AppDelegate.swift in Sources */ = {isa = PBXBuildFile; fileRef = 45DFD8BF2BDA8D690032FB62 /* AppDelegate.swift */; };
		45DFD8C22BDA8D690032FB62 /* SceneDelegate.swift in Sources */ = {isa = PBXBuildFile; fileRef = 45DFD8C12BDA8D690032FB62 /* SceneDelegate.swift */; };
		45DFD8C42BDA8D690032FB62 /* ChartViewController.swift in Sources */ = {isa = PBXBuildFile; fileRef = 45DFD8C32BDA8D690032FB62 /* ChartViewController.swift */; };
		45DFD8C72BDA8D690032FB62 /* Base in Resources */ = {isa = PBXBuildFile; fileRef = 45DFD8C62BDA8D690032FB62 /* Base */; };
		45DFD8C92BDA8D6B0032FB62 /* Assets.xcassets in Resources */ = {isa = PBXBuildFile; fileRef = 45DFD8C82BDA8D6B0032FB62 /* Assets.xcassets */; };
		45DFD8CC2BDA8D6B0032FB62 /* Base in Resources */ = {isa = PBXBuildFile; fileRef = 45DFD8CB2BDA8D6B0032FB62 /* Base */; };
		45DFD8D72BDA8D6B0032FB62 /* AutoTraderTests.swift in Sources */ = {isa = PBXBuildFile; fileRef = 45DFD8D62BDA8D6B0032FB62 /* AutoTraderTests.swift */; };
		45DFD8E12BDA8D6C0032FB62 /* AutoTraderUITests.swift in Sources */ = {isa = PBXBuildFile; fileRef = 45DFD8E02BDA8D6C0032FB62 /* AutoTraderUITests.swift */; };
		45DFD8E32BDA8D6C0032FB62 /* AutoTraderUITestsLaunchTests.swift in Sources */ = {isa = PBXBuildFile; fileRef = 45DFD8E22BDA8D6C0032FB62 /* AutoTraderUITestsLaunchTests.swift */; };
/* End PBXBuildFile section */

/* Begin PBXContainerItemProxy section */
		45DFD8D32BDA8D6B0032FB62 /* PBXContainerItemProxy */ = {
			isa = PBXContainerItemProxy;
			containerPortal = 45DFD8B42BDA8D690032FB62 /* Project object */;
			proxyType = 1;
			remoteGlobalIDString = 45DFD8BB2BDA8D690032FB62;
			remoteInfo = AutoTrader;
		};
		45DFD8DD2BDA8D6C0032FB62 /* PBXContainerItemProxy */ = {
			isa = PBXContainerItemProxy;
			containerPortal = 45DFD8B42BDA8D690032FB62 /* Project object */;
			proxyType = 1;
			remoteGlobalIDString = 45DFD8BB2BDA8D690032FB62;
			remoteInfo = AutoTrader;
		};
/* End PBXContainerItemProxy section */

/* Begin PBXFileReference section */
		45212E742BDA900E00440C09 /* BotViewController.swift */ = {isa = PBXFileReference; lastKnownFileType = sourcecode.swift; path = BotViewController.swift; sourceTree = "<group>"; };
		45212E762BDA902000440C09 /* UserViewController.swift */ = {isa = PBXFileReference; lastKnownFileType = sourcecode.swift; path = UserViewController.swift; sourceTree = "<group>"; };
		45DFD8BC2BDA8D690032FB62 /* AutoTrader.app */ = {isa = PBXFileReference; explicitFileType = wrapper.application; includeInIndex = 0; path = AutoTrader.app; sourceTree = BUILT_PRODUCTS_DIR; };
		45DFD8BF2BDA8D690032FB62 /* AppDelegate.swift */ = {isa = PBXFileReference; lastKnownFileType = sourcecode.swift; path = AppDelegate.swift; sourceTree = "<group>"; };
		45DFD8C12BDA8D690032FB62 /* SceneDelegate.swift */ = {isa = PBXFileReference; lastKnownFileType = sourcecode.swift; path = SceneDelegate.swift; sourceTree = "<group>"; };
		45DFD8C32BDA8D690032FB62 /* ChartViewController.swift */ = {isa = PBXFileReference; lastKnownFileType = sourcecode.swift; path = ChartViewController.swift; sourceTree = "<group>"; };
		45DFD8C62BDA8D690032FB62 /* Base */ = {isa = PBXFileReference; lastKnownFileType = file.storyboard; name = Base; path = Base.lproj/Main.storyboard; sourceTree = "<group>"; };
		45DFD8C82BDA8D6B0032FB62 /* Assets.xcassets */ = {isa = PBXFileReference; lastKnownFileType = folder.assetcatalog; path = Assets.xcassets; sourceTree = "<group>"; };
		45DFD8CB2BDA8D6B0032FB62 /* Base */ = {isa = PBXFileReference; lastKnownFileType = file.storyboard; name = Base; path = Base.lproj/LaunchScreen.storyboard; sourceTree = "<group>"; };
		45DFD8CD2BDA8D6B0032FB62 /* Info.plist */ = {isa = PBXFileReference; lastKnownFileType = text.plist.xml; path = Info.plist; sourceTree = "<group>"; };
		45DFD8D22BDA8D6B0032FB62 /* AutoTraderTests.xctest */ = {isa = PBXFileReference; explicitFileType = wrapper.cfbundle; includeInIndex = 0; path = AutoTraderTests.xctest; sourceTree = BUILT_PRODUCTS_DIR; };
		45DFD8D62BDA8D6B0032FB62 /* AutoTraderTests.swift */ = {isa = PBXFileReference; lastKnownFileType = sourcecode.swift; path = AutoTraderTests.swift; sourceTree = "<group>"; };
		45DFD8DC2BDA8D6C0032FB62 /* AutoTraderUITests.xctest */ = {isa = PBXFileReference; explicitFileType = wrapper.cfbundle; includeInIndex = 0; path = AutoTraderUITests.xctest; sourceTree = BUILT_PRODUCTS_DIR; };
		45DFD8E02BDA8D6C0032FB62 /* AutoTraderUITests.swift */ = {isa = PBXFileReference; lastKnownFileType = sourcecode.swift; path = AutoTraderUITests.swift; sourceTree = "<group>"; };
		45DFD8E22BDA8D6C0032FB62 /* AutoTraderUITestsLaunchTests.swift */ = {isa = PBXFileReference; lastKnownFileType = sourcecode.swift; path = AutoTraderUITestsLaunchTests.swift; sourceTree = "<group>"; };
/* End PBXFileReference section */

/* Begin PBXFrameworksBuildPhase section */
		45DFD8B92BDA8D690032FB62 /* Frameworks */ = {
			isa = PBXFrameworksBuildPhase;
			buildActionMask = 2147483647;
			files = (
			);
			runOnlyForDeploymentPostprocessing = 0;
		};
		45DFD8CF2BDA8D6B0032FB62 /* Frameworks */ = {
			isa = PBXFrameworksBuildPhase;
			buildActionMask = 2147483647;
			files = (
			);
			runOnlyForDeploymentPostprocessing = 0;
		};
		45DFD8D92BDA8D6C0032FB62 /* Frameworks */ = {
			isa = PBXFrameworksBuildPhase;
			buildActionMask = 2147483647;
			files = (
			);
			runOnlyForDeploymentPostprocessing = 0;
		};
/* End PBXFrameworksBuildPhase section */

/* Begin PBXGroup section */
		45DFD8B32BDA8D690032FB62 = {
			isa = PBXGroup;
			children = (
				45DFD8BE2BDA8D690032FB62 /* AutoTrader */,
				45DFD8D52BDA8D6B0032FB62 /* AutoTraderTests */,
				45DFD8DF2BDA8D6C0032FB62 /* AutoTraderUITests */,
				45DFD8BD2BDA8D690032FB62 /* Products */,
			);
			sourceTree = "<group>";
		};
		45DFD8BD2BDA8D690032FB62 /* Products */ = {
			isa = PBXGroup;
			children = (
				45DFD8BC2BDA8D690032FB62 /* AutoTrader.app */,
				45DFD8D22BDA8D6B0032FB62 /* AutoTraderTests.xctest */,
				45DFD8DC2BDA8D6C0032FB62 /* AutoTraderUITests.xctest */,
			);
			name = Products;
			sourceTree = "<group>";
		};
		45DFD8BE2BDA8D690032FB62 /* AutoTrader */ = {
			isa = PBXGroup;
			children = (
				45DFD8F12BDA8DF60032FB62 /* Application */,
				45DFD8F02BDA8DE90032FB62 /* Scenes */,
				45DFD8F32BDA8E260032FB62 /* Service */,
				45DFD8EF2BDA8DE40032FB62 /* Model */,
				45DFD8F22BDA8E090032FB62 /* Resource */,
				45DFD8F72BDA8E570032FB62 /* Utils */,
				45DFD8CD2BDA8D6B0032FB62 /* Info.plist */,
			);
			path = AutoTrader;
			sourceTree = "<group>";
		};
		45DFD8D52BDA8D6B0032FB62 /* AutoTraderTests */ = {
			isa = PBXGroup;
			children = (
				45DFD8D62BDA8D6B0032FB62 /* AutoTraderTests.swift */,
			);
			path = AutoTraderTests;
			sourceTree = "<group>";
		};
		45DFD8DF2BDA8D6C0032FB62 /* AutoTraderUITests */ = {
			isa = PBXGroup;
			children = (
				45DFD8E02BDA8D6C0032FB62 /* AutoTraderUITests.swift */,
				45DFD8E22BDA8D6C0032FB62 /* AutoTraderUITestsLaunchTests.swift */,
			);
			path = AutoTraderUITests;
			sourceTree = "<group>";
		};
		45DFD8EF2BDA8DE40032FB62 /* Model */ = {
			isa = PBXGroup;
			children = (
			);
			path = Model;
			sourceTree = "<group>";
		};
		45DFD8F02BDA8DE90032FB62 /* Scenes */ = {
			isa = PBXGroup;
			children = (
				45DFD8F82BDA8E6D0032FB62 /* Login */,
				45DFD8F92BDA8E720032FB62 /* Chart */,
				45DFD8FA2BDA8E7C0032FB62 /* BotTrading */,
				45DFD8FB2BDA8E840032FB62 /* User */,
				45DFD8C52BDA8D690032FB62 /* Main.storyboard */,
				45DFD8CA2BDA8D6B0032FB62 /* LaunchScreen.storyboard */,
			);
			path = Scenes;
			sourceTree = "<group>";
		};
		45DFD8F12BDA8DF60032FB62 /* Application */ = {
			isa = PBXGroup;
			children = (
				45DFD8BF2BDA8D690032FB62 /* AppDelegate.swift */,
				45DFD8C12BDA8D690032FB62 /* SceneDelegate.swift */,
			);
			path = Application;
			sourceTree = "<group>";
		};
		45DFD8F22BDA8E090032FB62 /* Resource */ = {
			isa = PBXGroup;
			children = (
				45DFD8C82BDA8D6B0032FB62 /* Assets.xcassets */,
			);
			path = Resource;
			sourceTree = "<group>";
		};
		45DFD8F32BDA8E260032FB62 /* Service */ = {
			isa = PBXGroup;
			children = (
				45DFD8F62BDA8E360032FB62 /* Repositories */,
				45DFD8F52BDA8E2F0032FB62 /* Local */,
				45DFD8F42BDA8E2B0032FB62 /* Remote */,
			);
			path = Service;
			sourceTree = "<group>";
		};
		45DFD8F42BDA8E2B0032FB62 /* Remote */ = {
			isa = PBXGroup;
			children = (
			);
			path = Remote;
			sourceTree = "<group>";
		};
		45DFD8F52BDA8E2F0032FB62 /* Local */ = {
			isa = PBXGroup;
			children = (
			);
			path = Local;
			sourceTree = "<group>";
		};
		45DFD8F62BDA8E360032FB62 /* Repositories */ = {
			isa = PBXGroup;
			children = (
			);
			name = Repositories;
			path = "Repositoríe";
			sourceTree = "<group>";
		};
		45DFD8F72BDA8E570032FB62 /* Utils */ = {
			isa = PBXGroup;
			children = (
			);
			path = Utils;
			sourceTree = "<group>";
		};
		45DFD8F82BDA8E6D0032FB62 /* Login */ = {
			isa = PBXGroup;
			children = (
			);
			path = Login;
			sourceTree = "<group>";
		};
		45DFD8F92BDA8E720032FB62 /* Chart */ = {
			isa = PBXGroup;
			children = (
				45DFD8C32BDA8D690032FB62 /* ChartViewController.swift */,
			);
			path = Chart;
			sourceTree = "<group>";
		};
		45DFD8FA2BDA8E7C0032FB62 /* BotTrading */ = {
			isa = PBXGroup;
			children = (
				45212E742BDA900E00440C09 /* BotViewController.swift */,
			);
			path = BotTrading;
			sourceTree = "<group>";
		};
		45DFD8FB2BDA8E840032FB62 /* User */ = {
			isa = PBXGroup;
			children = (
				45212E762BDA902000440C09 /* UserViewController.swift */,
			);
			path = User;
			sourceTree = "<group>";
		};
/* End PBXGroup section */

/* Begin PBXNativeTarget section */
		45DFD8BB2BDA8D690032FB62 /* AutoTrader */ = {
			isa = PBXNativeTarget;
			buildConfigurationList = 45DFD8E62BDA8D6C0032FB62 /* Build configuration list for PBXNativeTarget "AutoTrader" */;
			buildPhases = (
				45DFD8B82BDA8D690032FB62 /* Sources */,
				45DFD8B92BDA8D690032FB62 /* Frameworks */,
				45DFD8BA2BDA8D690032FB62 /* Resources */,
			);
			buildRules = (
			);
			dependencies = (
			);
			name = AutoTrader;
			productName = AutoTrader;
			productReference = 45DFD8BC2BDA8D690032FB62 /* AutoTrader.app */;
			productType = "com.apple.product-type.application";
		};
		45DFD8D12BDA8D6B0032FB62 /* AutoTraderTests */ = {
			isa = PBXNativeTarget;
			buildConfigurationList = 45DFD8E92BDA8D6C0032FB62 /* Build configuration list for PBXNativeTarget "AutoTraderTests" */;
			buildPhases = (
				45DFD8CE2BDA8D6B0032FB62 /* Sources */,
				45DFD8CF2BDA8D6B0032FB62 /* Frameworks */,
				45DFD8D02BDA8D6B0032FB62 /* Resources */,
			);
			buildRules = (
			);
			dependencies = (
				45DFD8D42BDA8D6B0032FB62 /* PBXTargetDependency */,
			);
			name = AutoTraderTests;
			productName = AutoTraderTests;
			productReference = 45DFD8D22BDA8D6B0032FB62 /* AutoTraderTests.xctest */;
			productType = "com.apple.product-type.bundle.unit-test";
		};
		45DFD8DB2BDA8D6C0032FB62 /* AutoTraderUITests */ = {
			isa = PBXNativeTarget;
			buildConfigurationList = 45DFD8EC2BDA8D6C0032FB62 /* Build configuration list for PBXNativeTarget "AutoTraderUITests" */;
			buildPhases = (
				45DFD8D82BDA8D6C0032FB62 /* Sources */,
				45DFD8D92BDA8D6C0032FB62 /* Frameworks */,
				45DFD8DA2BDA8D6C0032FB62 /* Resources */,
			);
			buildRules = (
			);
			dependencies = (
				45DFD8DE2BDA8D6C0032FB62 /* PBXTargetDependency */,
			);
			name = AutoTraderUITests;
			productName = AutoTraderUITests;
			productReference = 45DFD8DC2BDA8D6C0032FB62 /* AutoTraderUITests.xctest */;
			productType = "com.apple.product-type.bundle.ui-testing";
		};
/* End PBXNativeTarget section */

/* Begin PBXProject section */
		45DFD8B42BDA8D690032FB62 /* Project object */ = {
			isa = PBXProject;
			attributes = {
				BuildIndependentTargetsInParallel = 1;
				LastSwiftUpdateCheck = 1530;
				LastUpgradeCheck = 1530;
				TargetAttributes = {
					45DFD8BB2BDA8D690032FB62 = {
						CreatedOnToolsVersion = 15.3;
					};
					45DFD8D12BDA8D6B0032FB62 = {
						CreatedOnToolsVersion = 15.3;
						TestTargetID = 45DFD8BB2BDA8D690032FB62;
					};
					45DFD8DB2BDA8D6C0032FB62 = {
						CreatedOnToolsVersion = 15.3;
						TestTargetID = 45DFD8BB2BDA8D690032FB62;
					};
				};
			};
			buildConfigurationList = 45DFD8B72BDA8D690032FB62 /* Build configuration list for PBXProject "AutoTrader" */;
			compatibilityVersion = "Xcode 14.0";
			developmentRegion = en;
			hasScannedForEncodings = 0;
			knownRegions = (
				en,
				Base,
			);
			mainGroup = 45DFD8B32BDA8D690032FB62;
			productRefGroup = 45DFD8BD2BDA8D690032FB62 /* Products */;
			projectDirPath = "";
			projectRoot = "";
			targets = (
				45DFD8BB2BDA8D690032FB62 /* AutoTrader */,
				45DFD8D12BDA8D6B0032FB62 /* AutoTraderTests */,
				45DFD8DB2BDA8D6C0032FB62 /* AutoTraderUITests */,
			);
		};
/* End PBXProject section */

/* Begin PBXResourcesBuildPhase section */
		45DFD8BA2BDA8D690032FB62 /* Resources */ = {
			isa = PBXResourcesBuildPhase;
			buildActionMask = 2147483647;
			files = (
				45DFD8C92BDA8D6B0032FB62 /* Assets.xcassets in Resources */,
				45DFD8CC2BDA8D6B0032FB62 /* Base in Resources */,
				45DFD8C72BDA8D690032FB62 /* Base in Resources */,
			);
			runOnlyForDeploymentPostprocessing = 0;
		};
		45DFD8D02BDA8D6B0032FB62 /* Resources */ = {
			isa = PBXResourcesBuildPhase;
			buildActionMask = 2147483647;
			files = (
			);
			runOnlyForDeploymentPostprocessing = 0;
		};
		45DFD8DA2BDA8D6C0032FB62 /* Resources */ = {
			isa = PBXResourcesBuildPhase;
			buildActionMask = 2147483647;
			files = (
			);
			runOnlyForDeploymentPostprocessing = 0;
		};
/* End PBXResourcesBuildPhase section */

/* Begin PBXSourcesBuildPhase section */
		45DFD8B82BDA8D690032FB62 /* Sources */ = {
			isa = PBXSourcesBuildPhase;
			buildActionMask = 2147483647;
			files = (
				45DFD8C42BDA8D690032FB62 /* ChartViewController.swift in Sources */,
				45212E772BDA902000440C09 /* UserViewController.swift in Sources */,
				45DFD8C02BDA8D690032FB62 /* AppDelegate.swift in Sources */,
				45212E752BDA900E00440C09 /* BotViewController.swift in Sources */,
				45DFD8C22BDA8D690032FB62 /* SceneDelegate.swift in Sources */,
			);
			runOnlyForDeploymentPostprocessing = 0;
		};
		45DFD8CE2BDA8D6B0032FB62 /* Sources */ = {
			isa = PBXSourcesBuildPhase;
			buildActionMask = 2147483647;
			files = (
				45DFD8D72BDA8D6B0032FB62 /* AutoTraderTests.swift in Sources */,
			);
			runOnlyForDeploymentPostprocessing = 0;
		};
		45DFD8D82BDA8D6C0032FB62 /* Sources */ = {
			isa = PBXSourcesBuildPhase;
			buildActionMask = 2147483647;
			files = (
				45DFD8E12BDA8D6C0032FB62 /* AutoTraderUITests.swift in Sources */,
				45DFD8E32BDA8D6C0032FB62 /* AutoTraderUITestsLaunchTests.swift in Sources */,
			);
			runOnlyForDeploymentPostprocessing = 0;
		};
/* End PBXSourcesBuildPhase section */

/* Begin PBXTargetDependency section */
		45DFD8D42BDA8D6B0032FB62 /* PBXTargetDependency */ = {
			isa = PBXTargetDependency;
			target = 45DFD8BB2BDA8D690032FB62 /* AutoTrader */;
			targetProxy = 45DFD8D32BDA8D6B0032FB62 /* PBXContainerItemProxy */;
		};
		45DFD8DE2BDA8D6C0032FB62 /* PBXTargetDependency */ = {
			isa = PBXTargetDependency;
			target = 45DFD8BB2BDA8D690032FB62 /* AutoTrader */;
			targetProxy = 45DFD8DD2BDA8D6C0032FB62 /* PBXContainerItemProxy */;
		};
/* End PBXTargetDependency section */

/* Begin PBXVariantGroup section */
		45DFD8C52BDA8D690032FB62 /* Main.storyboard */ = {
			isa = PBXVariantGroup;
			children = (
				45DFD8C62BDA8D690032FB62 /* Base */,
			);
			name = Main.storyboard;
			sourceTree = "<group>";
		};
		45DFD8CA2BDA8D6B0032FB62 /* LaunchScreen.storyboard */ = {
			isa = PBXVariantGroup;
			children = (
				45DFD8CB2BDA8D6B0032FB62 /* Base */,
			);
			name = LaunchScreen.storyboard;
			sourceTree = "<group>";
		};
/* End PBXVariantGroup section */

/* Begin XCBuildConfiguration section */
		45DFD8E42BDA8D6C0032FB62 /* Debug */ = {
			isa = XCBuildConfiguration;
			buildSettings = {
				ALWAYS_SEARCH_USER_PATHS = NO;
				ASSETCATALOG_COMPILER_GENERATE_SWIFT_ASSET_SYMBOL_EXTENSIONS = YES;
				CLANG_ANALYZER_NONNULL = YES;
				CLANG_ANALYZER_NUMBER_OBJECT_CONVERSION = YES_AGGRESSIVE;
				CLANG_CXX_LANGUAGE_STANDARD = "gnu++20";
				CLANG_ENABLE_MODULES = YES;
				CLANG_ENABLE_OBJC_ARC = YES;
				CLANG_ENABLE_OBJC_WEAK = YES;
				CLANG_WARN_BLOCK_CAPTURE_AUTORELEASING = YES;
				CLANG_WARN_BOOL_CONVERSION = YES;
				CLANG_WARN_COMMA = YES;
				CLANG_WARN_CONSTANT_CONVERSION = YES;
				CLANG_WARN_DEPRECATED_OBJC_IMPLEMENTATIONS = YES;
				CLANG_WARN_DIRECT_OBJC_ISA_USAGE = YES_ERROR;
				CLANG_WARN_DOCUMENTATION_COMMENTS = YES;
				CLANG_WARN_EMPTY_BODY = YES;
				CLANG_WARN_ENUM_CONVERSION = YES;
				CLANG_WARN_INFINITE_RECURSION = YES;
				CLANG_WARN_INT_CONVERSION = YES;
				CLANG_WARN_NON_LITERAL_NULL_CONVERSION = YES;
				CLANG_WARN_OBJC_IMPLICIT_RETAIN_SELF = YES;
				CLANG_WARN_OBJC_LITERAL_CONVERSION = YES;
				CLANG_WARN_OBJC_ROOT_CLASS = YES_ERROR;
				CLANG_WARN_QUOTED_INCLUDE_IN_FRAMEWORK_HEADER = YES;
				CLANG_WARN_RANGE_LOOP_ANALYSIS = YES;
				CLANG_WARN_STRICT_PROTOTYPES = YES;
				CLANG_WARN_SUSPICIOUS_MOVE = YES;
				CLANG_WARN_UNGUARDED_AVAILABILITY = YES_AGGRESSIVE;
				CLANG_WARN_UNREACHABLE_CODE = YES;
				CLANG_WARN__DUPLICATE_METHOD_MATCH = YES;
				COPY_PHASE_STRIP = NO;
				DEBUG_INFORMATION_FORMAT = dwarf;
				ENABLE_STRICT_OBJC_MSGSEND = YES;
				ENABLE_TESTABILITY = YES;
				ENABLE_USER_SCRIPT_SANDBOXING = YES;
				GCC_C_LANGUAGE_STANDARD = gnu17;
				GCC_DYNAMIC_NO_PIC = NO;
				GCC_NO_COMMON_BLOCKS = YES;
				GCC_OPTIMIZATION_LEVEL = 0;
				GCC_PREPROCESSOR_DEFINITIONS = (
					"DEBUG=1",
					"$(inherited)",
				);
				GCC_WARN_64_TO_32_BIT_CONVERSION = YES;
				GCC_WARN_ABOUT_RETURN_TYPE = YES_ERROR;
				GCC_WARN_UNDECLARED_SELECTOR = YES;
				GCC_WARN_UNINITIALIZED_AUTOS = YES_AGGRESSIVE;
				GCC_WARN_UNUSED_FUNCTION = YES;
				GCC_WARN_UNUSED_VARIABLE = YES;
				IPHONEOS_DEPLOYMENT_TARGET = 17.4;
				LOCALIZATION_PREFERS_STRING_CATALOGS = YES;
				MTL_ENABLE_DEBUG_INFO = INCLUDE_SOURCE;
				MTL_FAST_MATH = YES;
				ONLY_ACTIVE_ARCH = YES;
				SDKROOT = iphoneos;
				SWIFT_ACTIVE_COMPILATION_CONDITIONS = "DEBUG $(inherited)";
				SWIFT_OPTIMIZATION_LEVEL = "-Onone";
			};
			name = Debug;
		};
		45DFD8E52BDA8D6C0032FB62 /* Release */ = {
			isa = XCBuildConfiguration;
			buildSettings = {
				ALWAYS_SEARCH_USER_PATHS = NO;
				ASSETCATALOG_COMPILER_GENERATE_SWIFT_ASSET_SYMBOL_EXTENSIONS = YES;
				CLANG_ANALYZER_NONNULL = YES;
				CLANG_ANALYZER_NUMBER_OBJECT_CONVERSION = YES_AGGRESSIVE;
				CLANG_CXX_LANGUAGE_STANDARD = "gnu++20";
				CLANG_ENABLE_MODULES = YES;
				CLANG_ENABLE_OBJC_ARC = YES;
				CLANG_ENABLE_OBJC_WEAK = YES;
				CLANG_WARN_BLOCK_CAPTURE_AUTORELEASING = YES;
				CLANG_WARN_BOOL_CONVERSION = YES;
				CLANG_WARN_COMMA = YES;
				CLANG_WARN_CONSTANT_CONVERSION = YES;
				CLANG_WARN_DEPRECATED_OBJC_IMPLEMENTATIONS = YES;
				CLANG_WARN_DIRECT_OBJC_ISA_USAGE = YES_ERROR;
				CLANG_WARN_DOCUMENTATION_COMMENTS = YES;
				CLANG_WARN_EMPTY_BODY = YES;
				CLANG_WARN_ENUM_CONVERSION = YES;
				CLANG_WARN_INFINITE_RECURSION = YES;
				CLANG_WARN_INT_CONVERSION = YES;
				CLANG_WARN_NON_LITERAL_NULL_CONVERSION = YES;
				CLANG_WARN_OBJC_IMPLICIT_RETAIN_SELF = YES;
				CLANG_WARN_OBJC_LITERAL_CONVERSION = YES;
				CLANG_WARN_OBJC_ROOT_CLASS = YES_ERROR;
				CLANG_WARN_QUOTED_INCLUDE_IN_FRAMEWORK_HEADER = YES;
				CLANG_WARN_RANGE_LOOP_ANALYSIS = YES;
				CLANG_WARN_STRICT_PROTOTYPES = YES;
				CLANG_WARN_SUSPICIOUS_MOVE = YES;
				CLANG_WARN_UNGUARDED_AVAILABILITY = YES_AGGRESSIVE;
				CLANG_WARN_UNREACHABLE_CODE = YES;
				CLANG_WARN__DUPLICATE_METHOD_MATCH = YES;
				COPY_PHASE_STRIP = NO;
				DEBUG_INFORMATION_FORMAT = "dwarf-with-dsym";
				ENABLE_NS_ASSERTIONS = NO;
				ENABLE_STRICT_OBJC_MSGSEND = YES;
				ENABLE_USER_SCRIPT_SANDBOXING = YES;
				GCC_C_LANGUAGE_STANDARD = gnu17;
				GCC_NO_COMMON_BLOCKS = YES;
				GCC_WARN_64_TO_32_BIT_CONVERSION = YES;
				GCC_WARN_ABOUT_RETURN_TYPE = YES_ERROR;
				GCC_WARN_UNDECLARED_SELECTOR = YES;
				GCC_WARN_UNINITIALIZED_AUTOS = YES_AGGRESSIVE;
				GCC_WARN_UNUSED_FUNCTION = YES;
				GCC_WARN_UNUSED_VARIABLE = YES;
				IPHONEOS_DEPLOYMENT_TARGET = 17.4;
				LOCALIZATION_PREFERS_STRING_CATALOGS = YES;
				MTL_ENABLE_DEBUG_INFO = NO;
				MTL_FAST_MATH = YES;
				SDKROOT = iphoneos;
				SWIFT_COMPILATION_MODE = wholemodule;
				VALIDATE_PRODUCT = YES;
			};
			name = Release;
		};
		45DFD8E72BDA8D6C0032FB62 /* Debug */ = {
			isa = XCBuildConfiguration;
			buildSettings = {
				ASSETCATALOG_COMPILER_APPICON_NAME = AppIcon;
				ASSETCATALOG_COMPILER_GLOBAL_ACCENT_COLOR_NAME = AccentColor;
				CODE_SIGN_STYLE = Automatic;
				CURRENT_PROJECT_VERSION = 1;
				GENERATE_INFOPLIST_FILE = YES;
				INFOPLIST_FILE = AutoTrader/Info.plist;
				INFOPLIST_KEY_UIApplicationSupportsIndirectInputEvents = YES;
				INFOPLIST_KEY_UILaunchStoryboardName = LaunchScreen;
				INFOPLIST_KEY_UIMainStoryboardFile = Main;
				INFOPLIST_KEY_UISupportedInterfaceOrientations_iPad = "UIInterfaceOrientationPortrait UIInterfaceOrientationPortraitUpsideDown UIInterfaceOrientationLandscapeLeft UIInterfaceOrientationLandscapeRight";
				INFOPLIST_KEY_UISupportedInterfaceOrientations_iPhone = "UIInterfaceOrientationPortrait UIInterfaceOrientationLandscapeLeft UIInterfaceOrientationLandscapeRight";
				LD_RUNPATH_SEARCH_PATHS = (
					"$(inherited)",
					"@executable_path/Frameworks",
				);
				MARKETING_VERSION = 1.0;
				PRODUCT_BUNDLE_IDENTIFIER = baoan.com.AutoTrader;
				PRODUCT_NAME = "$(TARGET_NAME)";
				SWIFT_EMIT_LOC_STRINGS = YES;
				SWIFT_VERSION = 5.0;
				TARGETED_DEVICE_FAMILY = "1,2";
			};
			name = Debug;
		};
		45DFD8E82BDA8D6C0032FB62 /* Release */ = {
			isa = XCBuildConfiguration;
			buildSettings = {
				ASSETCATALOG_COMPILER_APPICON_NAME = AppIcon;
				ASSETCATALOG_COMPILER_GLOBAL_ACCENT_COLOR_NAME = AccentColor;
				CODE_SIGN_STYLE = Automatic;
				CURRENT_PROJECT_VERSION = 1;
				GENERATE_INFOPLIST_FILE = YES;
				INFOPLIST_FILE = AutoTrader/Info.plist;
				INFOPLIST_KEY_UIApplicationSupportsIndirectInputEvents = YES;
				INFOPLIST_KEY_UILaunchStoryboardName = LaunchScreen;
				INFOPLIST_KEY_UIMainStoryboardFile = Main;
				INFOPLIST_KEY_UISupportedInterfaceOrientations_iPad = "UIInterfaceOrientationPortrait UIInterfaceOrientationPortraitUpsideDown UIInterfaceOrientationLandscapeLeft UIInterfaceOrientationLandscapeRight";
				INFOPLIST_KEY_UISupportedInterfaceOrientations_iPhone = "UIInterfaceOrientationPortrait UIInterfaceOrientationLandscapeLeft UIInterfaceOrientationLandscapeRight";
				LD_RUNPATH_SEARCH_PATHS = (
					"$(inherited)",
					"@executable_path/Frameworks",
				);
				MARKETING_VERSION = 1.0;
				PRODUCT_BUNDLE_IDENTIFIER = baoan.com.AutoTrader;
				PRODUCT_NAME = "$(TARGET_NAME)";
				SWIFT_EMIT_LOC_STRINGS = YES;
				SWIFT_VERSION = 5.0;
				TARGETED_DEVICE_FAMILY = "1,2";
			};
			name = Release;
		};
		45DFD8EA2BDA8D6C0032FB62 /* Debug */ = {
			isa = XCBuildConfiguration;
			buildSettings = {
				ALWAYS_EMBED_SWIFT_STANDARD_LIBRARIES = YES;
				BUNDLE_LOADER = "$(TEST_HOST)";
				CODE_SIGN_STYLE = Automatic;
				CURRENT_PROJECT_VERSION = 1;
				GENERATE_INFOPLIST_FILE = YES;
				IPHONEOS_DEPLOYMENT_TARGET = 17.4;
				MARKETING_VERSION = 1.0;
				PRODUCT_BUNDLE_IDENTIFIER = baoan.com.AutoTraderTests;
				PRODUCT_NAME = "$(TARGET_NAME)";
				SWIFT_EMIT_LOC_STRINGS = NO;
				SWIFT_VERSION = 5.0;
				TARGETED_DEVICE_FAMILY = "1,2";
				TEST_HOST = "$(BUILT_PRODUCTS_DIR)/AutoTrader.app/$(BUNDLE_EXECUTABLE_FOLDER_PATH)/AutoTrader";
			};
			name = Debug;
		};
		45DFD8EB2BDA8D6C0032FB62 /* Release */ = {
			isa = XCBuildConfiguration;
			buildSettings = {
				ALWAYS_EMBED_SWIFT_STANDARD_LIBRARIES = YES;
				BUNDLE_LOADER = "$(TEST_HOST)";
				CODE_SIGN_STYLE = Automatic;
				CURRENT_PROJECT_VERSION = 1;
				GENERATE_INFOPLIST_FILE = YES;
				IPHONEOS_DEPLOYMENT_TARGET = 17.4;
				MARKETING_VERSION = 1.0;
				PRODUCT_BUNDLE_IDENTIFIER = baoan.com.AutoTraderTests;
				PRODUCT_NAME = "$(TARGET_NAME)";
				SWIFT_EMIT_LOC_STRINGS = NO;
				SWIFT_VERSION = 5.0;
				TARGETED_DEVICE_FAMILY = "1,2";
				TEST_HOST = "$(BUILT_PRODUCTS_DIR)/AutoTrader.app/$(BUNDLE_EXECUTABLE_FOLDER_PATH)/AutoTrader";
			};
			name = Release;
		};
		45DFD8ED2BDA8D6C0032FB62 /* Debug */ = {
			isa = XCBuildConfiguration;
			buildSettings = {
				ALWAYS_EMBED_SWIFT_STANDARD_LIBRARIES = YES;
				CODE_SIGN_STYLE = Automatic;
				CURRENT_PROJECT_VERSION = 1;
				GENERATE_INFOPLIST_FILE = YES;
				MARKETING_VERSION = 1.0;
				PRODUCT_BUNDLE_IDENTIFIER = baoan.com.AutoTraderUITests;
				PRODUCT_NAME = "$(TARGET_NAME)";
				SWIFT_EMIT_LOC_STRINGS = NO;
				SWIFT_VERSION = 5.0;
				TARGETED_DEVICE_FAMILY = "1,2";
				TEST_TARGET_NAME = AutoTrader;
			};
			name = Debug;
		};
		45DFD8EE2BDA8D6C0032FB62 /* Release */ = {
			isa = XCBuildConfiguration;
			buildSettings = {
				ALWAYS_EMBED_SWIFT_STANDARD_LIBRARIES = YES;
				CODE_SIGN_STYLE = Automatic;
				CURRENT_PROJECT_VERSION = 1;
				GENERATE_INFOPLIST_FILE = YES;
				MARKETING_VERSION = 1.0;
				PRODUCT_BUNDLE_IDENTIFIER = baoan.com.AutoTraderUITests;
				PRODUCT_NAME = "$(TARGET_NAME)";
				SWIFT_EMIT_LOC_STRINGS = NO;
				SWIFT_VERSION = 5.0;
				TARGETED_DEVICE_FAMILY = "1,2";
				TEST_TARGET_NAME = AutoTrader;
			};
			name = Release;
		};
/* End XCBuildConfiguration section */

/* Begin XCConfigurationList section */
		45DFD8B72BDA8D690032FB62 /* Build configuration list for PBXProject "AutoTrader" */ = {
			isa = XCConfigurationList;
			buildConfigurations = (
				45DFD8E42BDA8D6C0032FB62 /* Debug */,
				45DFD8E52BDA8D6C0032FB62 /* Release */,
			);
			defaultConfigurationIsVisible = 0;
			defaultConfigurationName = Release;
		};
		45DFD8E62BDA8D6C0032FB62 /* Build configuration list for PBXNativeTarget "AutoTrader" */ = {
			isa = XCConfigurationList;
			buildConfigurations = (
				45DFD8E72BDA8D6C0032FB62 /* Debug */,
				45DFD8E82BDA8D6C0032FB62 /* Release */,
			);
			defaultConfigurationIsVisible = 0;
			defaultConfigurationName = Release;
		};
		45DFD8E92BDA8D6C0032FB62 /* Build configuration list for PBXNativeTarget "AutoTraderTests" */ = {
			isa = XCConfigurationList;
			buildConfigurations = (
				45DFD8EA2BDA8D6C0032FB62 /* Debug */,
				45DFD8EB2BDA8D6C0032FB62 /* Release */,
			);
			defaultConfigurationIsVisible = 0;
			defaultConfigurationName = Release;
		};
		45DFD8EC2BDA8D6C0032FB62 /* Build configuration list for PBXNativeTarget "AutoTraderUITests" */ = {
			isa = XCConfigurationList;
			buildConfigurations = (
				45DFD8ED2BDA8D6C0032FB62 /* Debug */,
				45DFD8EE2BDA8D6C0032FB62 /* Release */,
			);
			defaultConfigurationIsVisible = 0;
			defaultConfigurationName = Release;
		};
/* End XCConfigurationList section */
	};
	rootObject = 45DFD8B42BDA8D690032FB62 /* Project object */;
}
